PODS:
  - Alamofire (4.7.2)
  - Bolts (1.9.0):
    - Bolts/AppLinks (= 1.9.0)
    - Bolts/Tasks (= 1.9.0)
  - Bolts/AppLinks (1.9.0):
    - Bolts/Tasks
  - Bolts/Tasks (1.9.0)
  - CryptoSwift (0.10.0)
  - Differentiator (3.0.2)
  - DynamicBlurView (2.0.2)
  - DZNEmptyDataSet (1.8.1)
  - Eureka (4.2.0)
  - expanding-collection (2.1.0)
  - FBSDKCoreKit (4.34.0):
    - Bolts (~> 1.7)
  - FBSDKLoginKit (4.34.0):
    - FBSDKCoreKit
  - FBSDKShareKit (4.34.0):
    - FBSDKCoreKit (~> 4.34.0)
  - Firebase/Auth (5.4.0):
    - Firebase/CoreOnly
    - FirebaseAuth (= 5.0.2)
  - Firebase/Core (5.4.0):
    - Firebase/CoreOnly
    - FirebaseAnalytics (= 5.0.1)
  - Firebase/CoreOnly (5.4.0):
    - FirebaseCore (= 5.0.5)
  - Firebase/Messaging (5.4.0):
    - Firebase/CoreOnly
    - FirebaseMessaging (= 3.0.3)
  - FirebaseAnalytics (5.0.1):
    - FirebaseCore (~> 5.0)
    - FirebaseInstanceID (~> 3.0)
    - "GoogleToolboxForMac/NSData+zlib (~> 2.1)"
    - nanopb (~> 0.3)
  - FirebaseAuth (5.0.2):
    - FirebaseCore (~> 5.0)
    - GTMSessionFetcher/Core (~> 1.1)
  - FirebaseCore (5.0.5):
    - "GoogleToolboxForMac/NSData+zlib (~> 2.1)"
  - FirebaseInstanceID (3.1.1):
    - FirebaseCore (~> 5.0)
  - FirebaseMessaging (3.0.3):
    - FirebaseCore (~> 5.0)
    - FirebaseInstanceID (~> 3.0)
    - GoogleToolboxForMac/Logger (~> 2.1)
    - Protobuf (~> 3.1)
  - Floaty (4.0.1)
  - FSPagerView (0.7.1)
  - GoogleMaps (2.7.0):
    - GoogleMaps/Maps (= 2.7.0)
  - GoogleMaps/Base (2.7.0)
  - GoogleMaps/Maps (2.7.0):
    - GoogleMaps/Base
  - GooglePlaces (2.7.0):
    - GoogleMaps/Base (= 2.7.0)
  - GoogleToolboxForMac/Defines (2.1.4)
  - GoogleToolboxForMac/Logger (2.1.4):
    - GoogleToolboxForMac/Defines (= 2.1.4)
  - "GoogleToolboxForMac/NSData+zlib (2.1.4)":
    - GoogleToolboxForMac/Defines (= 2.1.4)
  - GTMSessionFetcher/Core (1.1.15)
  - Hero (1.2.0)
  - HGPlaceholders (0.3.0)
  - Hue (3.0.1)
  - JDStatusBarNotification (1.5.6)
  - JTAppleCalendar (7.1.5)
  - KakaoOpenSDK (1.8.2):
    - KakaoOpenSDK/KakaoCommon (= 1.8.2)
    - KakaoOpenSDK/KakaoLink (= 1.8.2)
    - KakaoOpenSDK/KakaoMessageTemplate (= 1.8.2)
    - KakaoOpenSDK/KakaoNavi (= 1.8.2)
    - KakaoOpenSDK/KakaoOpenSDK (= 1.8.2)
    - KakaoOpenSDK/KakaoS2 (= 1.8.2)
  - KakaoOpenSDK/KakaoCommon (1.8.2)
  - KakaoOpenSDK/KakaoLink (1.8.2):
    - KakaoOpenSDK/KakaoCommon
  - KakaoOpenSDK/KakaoMessageTemplate (1.8.2)
  - KakaoOpenSDK/KakaoNavi (1.8.2):
    - KakaoOpenSDK/KakaoCommon
  - KakaoOpenSDK/KakaoOpenSDK (1.8.2)
  - KakaoOpenSDK/KakaoS2 (1.8.2):
    - KakaoOpenSDK/KakaoCommon
  - Kingfisher (4.8.0)
  - LGButton (1.0.5)
  - LTMorphingLabel (0.5.6)
  - MessageKit (1.0.0)
  - Moya/Core (11.0.2):
    - Alamofire (~> 4.1)
    - Result (~> 3.0)
  - Moya/RxSwift (11.0.2):
    - Moya/Core
    - RxSwift (~> 4.0)
  - nanopb (0.3.8):
    - nanopb/decode (= 0.3.8)
    - nanopb/encode (= 0.3.8)
  - nanopb/decode (0.3.8)
  - nanopb/encode (0.3.8)
  - PhoneNumberKit (2.1.0):
    - PhoneNumberKit/PhoneNumberKitCore (= 2.1.0)
    - PhoneNumberKit/UIKit (= 2.1.0)
  - PhoneNumberKit/PhoneNumberKitCore (2.1.0)
  - PhoneNumberKit/UIKit (2.1.0):
    - PhoneNumberKit/PhoneNumberKitCore
  - PopupDialog (0.7.1):
    - DynamicBlurView (~> 2.0)
  - Protobuf (3.6.0)
  - PySwiftyRegex (2.0.1)
  - ReachabilitySwift (4.1.0)
  - Result (3.2.4)
  - RxCocoa (4.2.0):
    - RxSwift (~> 4.0)
  - RxDataSources (3.0.2):
    - Differentiator (~> 3.0)
    - RxCocoa (~> 4.0)
    - RxSwift (~> 4.0)
  - RxGesture (1.2.1):
    - RxCocoa (~> 4.0)
    - RxSwift (~> 4.0)
  - RxKeyboard (0.8.3):
    - RxCocoa (>= 4.1.0)
    - RxSwift (>= 4.1.0)
  - RxOptional (3.5.0):
    - RxCocoa (~> 4.0)
    - RxSwift (~> 4.0)
  - RxSwift (4.2.0)
  - SkyFloatingLabelTextField (3.5.1)
  - SlideMenuControllerSwift (4.0.0)
  - SnapKit (4.0.0)
  - Spring (1.0.5)
  - SQLite.swift (0.11.5):
    - SQLite.swift/standard (= 0.11.5)
  - SQLite.swift/standard (0.11.5)
  - SwiftyBeaver (1.6.0)
  - SwiftyImage (1.2.0)
  - SwiftyJSON (4.1.0)
  - SwiftyUserDefaults (3.0.1)
  - TagListView (1.3.1)
  - TLPhotoPicker (1.7.0)
  - TTTAttributedLabel (2.0.0)

DEPENDENCIES:
  - CryptoSwift
  - DZNEmptyDataSet
  - Eureka
  - expanding-collection
  - FBSDKCoreKit
  - FBSDKLoginKit
  - FBSDKShareKit
  - Firebase/Auth
  - Firebase/Core
  - Firebase/Messaging
  - Floaty
  - FSPagerView
  - GoogleMaps
  - GooglePlaces
  - Hero
  - HGPlaceholders
  - Hue
  - JDStatusBarNotification
  - JTAppleCalendar
  - KakaoOpenSDK
  - Kingfisher
  - LGButton
  - LTMorphingLabel
  - MessageKit
  - Moya/RxSwift
  - PhoneNumberKit
  - PopupDialog
  - PySwiftyRegex
  - ReachabilitySwift
  - RxCocoa
  - RxDataSources
  - RxGesture
  - RxKeyboard
  - RxOptional
  - RxSwift
  - SkyFloatingLabelTextField
  - SlideMenuControllerSwift
  - SnapKit
  - Spring
  - SQLite.swift
  - SwiftyBeaver
  - SwiftyImage
  - SwiftyJSON
  - SwiftyUserDefaults
  - TagListView (~> 1.0)
  - TLPhotoPicker
  - TTTAttributedLabel

SPEC REPOS:
  https://github.com/cocoapods/specs.git:
    - Alamofire
    - Bolts
    - CryptoSwift
    - Differentiator
    - DynamicBlurView
    - DZNEmptyDataSet
    - Eureka
    - expanding-collection
    - FBSDKCoreKit
    - FBSDKLoginKit
    - FBSDKShareKit
    - Firebase
    - FirebaseAnalytics
    - FirebaseAuth
    - FirebaseCore
    - FirebaseInstanceID
    - FirebaseMessaging
    - Floaty
    - FSPagerView
    - GoogleMaps
    - GooglePlaces
    - GoogleToolboxForMac
    - GTMSessionFetcher
    - Hero
    - HGPlaceholders
    - Hue
    - JDStatusBarNotification
    - JTAppleCalendar
    - KakaoOpenSDK
    - Kingfisher
    - LGButton
    - LTMorphingLabel
    - MessageKit
    - Moya
    - nanopb
    - PhoneNumberKit
    - PopupDialog
    - Protobuf
    - PySwiftyRegex
    - ReachabilitySwift
    - Result
    - RxCocoa
    - RxDataSources
    - RxGesture
    - RxKeyboard
    - RxOptional
    - RxSwift
    - SkyFloatingLabelTextField
    - SlideMenuControllerSwift
    - SnapKit
    - Spring
    - SQLite.swift
    - SwiftyBeaver
    - SwiftyImage
    - SwiftyJSON
    - SwiftyUserDefaults
    - TagListView
    - TLPhotoPicker
    - TTTAttributedLabel

SPEC CHECKSUMS:
  Alamofire: e4fa87002c137ba2d8d634d2c51fabcda0d5c223
  Bolts: ac6567323eac61e203f6a9763667d0f711be34c8
  CryptoSwift: 6c778d69282bed3b4e975ff97a79d074f20bb011
  Differentiator: a87be69eba49ec4ab460c7671143ee3a9eececfd
  DynamicBlurView: aa6db4defc6e537eb86fc5e58dd3991666178399
  DZNEmptyDataSet: 9525833b9e68ac21c30253e1d3d7076cc828eaa7
  Eureka: 0748c7bbb2560130e43c7bfa83e99c98854a1f42
  expanding-collection: 6dadfb6777d94c7487ca471604d6916e7a3ba81b
  FBSDKCoreKit: 0ff57f093b85c8c9d5aba697d3edf68a8960ce78
  FBSDKLoginKit: 8c78f57a145afb756e4755e69195ebe08a42466e
  FBSDKShareKit: 511d1dfc71204c0a8d69e6c5e3c964dcf0d4f3d9
  Firebase: d66f4f29c23f22d96808d9abc174d81d8eee968f
  FirebaseAnalytics: b3628aea54c50464c32c393fb2ea032566e7ecc2
  FirebaseAuth: 096e457cdd4274412a66c4a35874787e411f5a03
  FirebaseCore: 42b3267233bd21a5abd54117ccc38ca3dd0f8e83
  FirebaseInstanceID: f3f0657372592ecdfdfe2cac604a5a75758376a6
  FirebaseMessaging: f43eb0c0e1da096e659de6f713038e74862a62cd
  Floaty: 82854e1a5ef4fa208281ebd4da2f3d1e51ba67a6
  FSPagerView: 958aba39684e1573755ddcfcc29f7eebb8413cee
  GoogleMaps: f79af95cb24d869457b1f961c93d3ce8b2f3b848
  GooglePlaces: 3d06e6c99654545b4738ce49648745779c25f2ef
  GoogleToolboxForMac: 91c824d21e85b31c2aae9bb011c5027c9b4e738f
  GTMSessionFetcher: 5fa5b80fd20e439ef5f545fb2cb3ca6c6714caa2
  Hero: 33dadf2cd1c98af71e213dcbc2902e6e03622a4e
  HGPlaceholders: 2df01c51b04a30acd0b8c9c7161c7cdde4541109
  Hue: 93e852fa6211ab35922ad8c293f51c43d6c79eb2
  JDStatusBarNotification: d5829a8f2f291b23b8a54b87fac8bf2549945a2f
  JTAppleCalendar: 2d4f974f9f3c8b4964d51ca1f6e004883c031fbe
  KakaoOpenSDK: c09b1291ef293e2ef3faced8ca14b1d1c077bd96
  Kingfisher: 976d828df2b24834c6a3f2fc4d82cdbd26552be1
  LGButton: 707ce916eb80b73a6c4688df34bee11adbafb663
  LTMorphingLabel: bdb51d4682e9822da89da6f567bd8aa456fd6650
  MessageKit: 16160036b16476b04bd0e9f2c7ce67e662e503e4
  Moya: a725035953bc1c0eb1be505ab903984501d82440
  nanopb: 5601e6bca2dbf1ed831b519092ec110f66982ca3
  PhoneNumberKit: 62003f40ff75315fd3738286558bc365365ac222
  PopupDialog: 39598b7d41719f5c025b4b70e62728bae7734fef
  Protobuf: 0fc0ad8bec688b2a3017a139953e01374fedbd5f
  PySwiftyRegex: 18ee6bede93377ce133ca9c1e8cc0446ac988be4
  ReachabilitySwift: 6849231cd4e06559f3b9ef4a97a0a0f96d41e09f
  Result: d2d07204ce72856f1fd9130bbe42c35a7b0fea10
  RxCocoa: 0b54909c902e1e581212a03e690bbd94032d8baa
  RxDataSources: cb7c31e652a87ebb919da45f716bbb87b3765f6b
  RxGesture: c278eb05b187abd47e11e65464ae4de53ab71d95
  RxKeyboard: e5efbaa109c35be909dd888e53de0f0efdf5169e
  RxOptional: bd32ff8ca9df4177683d56ffeb618a9d4d5d5cad
  RxSwift: 99e10317ddfcc7fbe01356aafd118fde4a0be104
  SkyFloatingLabelTextField: 4cbeece9c3aae97c6019d8fae511cb5b755874f7
  SlideMenuControllerSwift: 021d6318201c53d4d4d3710517d43d6c556c7dd0
  SnapKit: a42d492c16e80209130a3379f73596c3454b7694
  Spring: 17901566c8ecf3a1327902b940406c64512f9bb1
  SQLite.swift: 6e5356850bb1791459f8c16d6ee9195b28714a2e
  SwiftyBeaver: e45759613e50b522b0e6f53b1f0f14389b45ca34
  SwiftyImage: ebaa7c7b6163cd4ad102f3bb05a8fb276d35b4f3
  SwiftyJSON: c29297daf073d2aa016295d5809cdd68045c39b3
  SwiftyUserDefaults: 3d273b1739b68ada3145dc754a70ec775bc5c8be
  TagListView: 6dafd34a61021c6db72c0c8e3a044054c9854311
  TLPhotoPicker: 603cfc5f58ecc898b8afbe7497cd5de66af6754e
  TTTAttributedLabel: 8cffe8e127e4e82ff3af1e5386d4cd0ad000b656

PODFILE CHECKSUM: 30422f01129208aa9d3db7e886333925b7cca8e3

COCOAPODS: 1.5.3
