PODS:
  - Alamofire (4.8.1)
  - BetterSegmentedControl (1.0.3)
  - Bolts (1.9.0):
    - Bolts/AppLinks (= 1.9.0)
    - Bolts/Tasks (= 1.9.0)
  - Bolts/AppLinks (1.9.0):
    - Bolts/Tasks
  - Bolts/Tasks (1.9.0)
  - CHIPageControl (0.1.7):
    - CHIPageControl/Aji (= 0.1.7)
    - CHIPageControl/Aleppo (= 0.1.7)
    - CHIPageControl/Chimayo (= 0.1.7)
    - CHIPageControl/Fresno (= 0.1.7)
    - CHIPageControl/Jalapeno (= 0.1.7)
    - CHIPageControl/Jaloro (= 0.1.7)
    - CHIPageControl/Paprika (= 0.1.7)
    - CHIPageControl/Puya (= 0.1.7)
  - CHIPageControl/Aji (0.1.7)
  - CHIPageControl/Aleppo (0.1.7)
  - CHIPageControl/Chimayo (0.1.7)
  - CHIPageControl/Fresno (0.1.7)
  - CHIPageControl/Jalapeno (0.1.7)
  - CHIPageControl/Jaloro (0.1.7)
  - CHIPageControl/Paprika (0.1.7)
  - CHIPageControl/Puya (0.1.7)
  - Crashlytics (3.12.0):
    - Fabric (~> 1.9.0)
  - Differentiator (3.1.0)
  - DynamicBlurView (3.0.1)
  - EmptyDataSet-Swift (4.2.0)
  - Eureka (4.3.1)
  - Fabric (1.9.0)
  - FBSDKCoreKit (4.39.1):
    - Bolts (~> 1.9)
  - FBSDKLoginKit (4.39.1):
    - FBSDKCoreKit
  - FBSDKShareKit (4.39.1):
    - FBSDKCoreKit
  - Firebase/AdMob (5.15.0):
    - Firebase/Core
    - Google-Mobile-Ads-SDK (~> 7.37)
  - Firebase/Auth (5.15.0):
    - Firebase/CoreOnly
    - FirebaseAuth (= 5.2.0)
  - Firebase/Core (5.15.0):
    - Firebase/CoreOnly
    - FirebaseAnalytics (= 5.4.0)
  - Firebase/CoreOnly (5.15.0):
    - FirebaseCore (= 5.1.10)
  - Firebase/Database (5.15.0):
    - Firebase/CoreOnly
    - FirebaseDatabase (= 5.0.4)
  - Firebase/Messaging (5.15.0):
    - Firebase/CoreOnly
    - FirebaseMessaging (= 3.2.2)
  - FirebaseAnalytics (5.4.0):
    - FirebaseCore (~> 5.1)
    - FirebaseInstanceID (~> 3.3)
    - GoogleAppMeasurement (= 5.4.0)
    - GoogleUtilities/AppDelegateSwizzler (~> 5.2)
    - GoogleUtilities/MethodSwizzler (~> 5.2)
    - GoogleUtilities/Network (~> 5.2)
    - "GoogleUtilities/NSData+zlib (~> 5.2)"
    - nanopb (~> 0.3)
  - FirebaseAnalyticsInterop (1.1.0)
  - FirebaseAuth (5.2.0):
    - FirebaseAuthInterop (~> 1.0)
    - FirebaseCore (~> 5.1)
    - GoogleUtilities/Environment (~> 5.2)
    - GTMSessionFetcher/Core (~> 1.1)
  - FirebaseAuthInterop (1.0.0)
  - FirebaseCore (5.1.10):
    - GoogleUtilities/Logger (~> 5.2)
  - FirebaseDatabase (5.0.4):
    - FirebaseAuthInterop (~> 1.0)
    - FirebaseCore (~> 5.1)
    - leveldb-library (~> 1.18)
  - FirebaseInstanceID (3.3.0):
    - FirebaseCore (~> 5.1)
    - GoogleUtilities/Environment (~> 5.3)
    - GoogleUtilities/UserDefaults (~> 5.3)
  - FirebaseMessaging (3.2.2):
    - FirebaseAnalyticsInterop (~> 1.1)
    - FirebaseCore (~> 5.1)
    - FirebaseInstanceID (~> 3.0)
    - GoogleUtilities/Environment (~> 5.2)
    - GoogleUtilities/Reachability (~> 5.2)
    - Protobuf (~> 3.1)
  - FLAnimatedImage (1.0.12)
  - Google-Mobile-Ads-SDK (7.37.0)
  - GoogleAppMeasurement (5.4.0):
    - GoogleUtilities/AppDelegateSwizzler (~> 5.2)
    - GoogleUtilities/MethodSwizzler (~> 5.2)
    - GoogleUtilities/Network (~> 5.2)
    - "GoogleUtilities/NSData+zlib (~> 5.2)"
    - nanopb (~> 0.3)
  - GoogleMaps (2.7.0):
    - GoogleMaps/Maps (= 2.7.0)
  - GoogleMaps/Base (2.7.0)
  - GoogleMaps/Maps (2.7.0):
    - GoogleMaps/Base
  - GooglePlaces (2.7.0):
    - GoogleMaps/Base (= 2.7.0)
  - GoogleUtilities/AppDelegateSwizzler (5.3.7):
    - GoogleUtilities/Environment
    - GoogleUtilities/Logger
    - GoogleUtilities/Network
  - GoogleUtilities/Environment (5.3.7)
  - GoogleUtilities/Logger (5.3.7):
    - GoogleUtilities/Environment
  - GoogleUtilities/MethodSwizzler (5.3.7):
    - GoogleUtilities/Logger
  - GoogleUtilities/Network (5.3.7):
    - GoogleUtilities/Logger
    - "GoogleUtilities/NSData+zlib"
    - GoogleUtilities/Reachability
  - "GoogleUtilities/NSData+zlib (5.3.7)"
  - GoogleUtilities/Reachability (5.3.7):
    - GoogleUtilities/Logger
  - GoogleUtilities/UserDefaults (5.3.7):
    - GoogleUtilities/Logger
  - GTMSessionFetcher/Core (1.2.1)
  - Hero (1.4.0)
  - HMSegmentedControl (1.5.5)
  - IGListKit (3.4.0):
    - IGListKit/Default (= 3.4.0)
  - IGListKit/Default (3.4.0):
    - IGListKit/Diffing
  - IGListKit/Diffing (3.4.0)
  - JDStatusBarNotification (1.6.0)
  - JTAppleCalendar (7.1.6)
  - JVFloatLabeledTextField (1.2.1)
  - KakaoOpenSDK (1.11.0):
    - KakaoOpenSDK/KakaoCommon (= 1.11.0)
    - KakaoOpenSDK/KakaoLink (= 1.11.0)
    - KakaoOpenSDK/KakaoMessageTemplate (= 1.11.0)
    - KakaoOpenSDK/KakaoNavi (= 1.11.0)
    - KakaoOpenSDK/KakaoOpenSDK (= 1.11.0)
    - KakaoOpenSDK/KakaoS2 (= 1.11.0)
  - KakaoOpenSDK/KakaoCommon (1.11.0)
  - KakaoOpenSDK/KakaoLink (1.11.0):
    - KakaoOpenSDK/KakaoCommon
  - KakaoOpenSDK/KakaoMessageTemplate (1.11.0)
  - KakaoOpenSDK/KakaoNavi (1.11.0):
    - KakaoOpenSDK/KakaoCommon
  - KakaoOpenSDK/KakaoOpenSDK (1.11.0)
  - KakaoOpenSDK/KakaoS2 (1.11.0):
    - KakaoOpenSDK/KakaoCommon
  - Kingfisher (5.1.0)
  - leveldb-library (1.20)
  - LGButton (1.1.2)
  - LTMorphingLabel (0.6.0)
  - MessageInputBar/Core (0.4.1)
  - MessageKit (2.0.0):
    - MessageInputBar/Core
  - MGSwipeTableCell (1.6.8)
  - Moya/Core (12.0.1):
    - Alamofire (~> 4.1)
    - Result (~> 4.0)
  - Moya/RxSwift (12.0.1):
    - Moya/Core
    - RxSwift (~> 4.0)
  - MXParallaxHeader (0.6.1)
  - nanopb (0.3.901):
    - nanopb/decode (= 0.3.901)
    - nanopb/encode (= 0.3.901)
  - nanopb/decode (0.3.901)
  - nanopb/encode (0.3.901)
  - NVActivityIndicatorView (4.5.1):
    - NVActivityIndicatorView/Presenter (= 4.5.1)
  - NVActivityIndicatorView/Presenter (4.5.1)
  - PopupDialog (0.9.2):
    - DynamicBlurView (~> 3.0.1)
  - Protobuf (3.6.1)
  - PySwiftyRegex (2.0.1)
  - ReachabilitySwift (4.3.0)
  - Realm (3.13.1):
    - Realm/Headers (= 3.13.1)
  - Realm/Headers (3.13.1)
  - RealmSwift (3.13.1):
    - Realm (= 3.13.1)
  - Result (4.1.0)
  - RxCocoa (4.3.1):
    - RxSwift (~> 4.0)
  - RxCoreLocation (1.3.1):
    - RxCoreLocation/Core (= 1.3.1)
  - RxCoreLocation/Core (1.3.1):
    - RxCocoa (~> 4.3.1)
    - RxSwift (~> 4.3.1)
  - RxDataSources (3.1.0):
    - Differentiator (~> 3.0)
    - RxCocoa (~> 4.0)
    - RxSwift (~> 4.0)
  - RxGesture (2.0.1):
    - RxCocoa (~> 4.3.1)
    - RxSwift (~> 4.3.1)
  - RxGoogleMaps (3.1.0):
    - GoogleMaps (~> 2.7.0)
    - RxCocoa (~> 4.3)
    - RxSwift (~> 4.3)
  - RxKeyboard (0.9.0):
    - RxCocoa (>= 4.3.1)
    - RxSwift (>= 4.3.1)
  - RxRealm (0.7.6):
    - RealmSwift (~> 3.0)
    - RxSwift (~> 4.0)
  - RxSwift (4.3.1)
  - RxSwiftExt (3.4.0):
    - RxSwiftExt/Core (= 3.4.0)
    - RxSwiftExt/RxCocoa (= 3.4.0)
  - RxSwiftExt/Core (3.4.0):
    - RxSwift (~> 4.0)
  - RxSwiftExt/RxCocoa (3.4.0):
    - RxCocoa (~> 4.0)
    - RxSwiftExt/Core
  - SkyFloatingLabelTextField (3.6.0)
  - SnapKit (4.2.0)
  - SwiftDate (5.0.13)
  - SwiftyBeaver (1.6.1)
  - SwiftyImage (1.3.0)
  - SwiftyJSON (4.2.0)
  - SwiftyUserDefaults (3.0.1)
  - TagListView (1.3.2)
  - TLPhotoPicker (1.8.0)
  - TTTAttributedLabel (2.0.0)

DEPENDENCIES:
  - BetterSegmentedControl
  - CHIPageControl
  - CHIPageControl/Aleppo
  - Crashlytics
  - EmptyDataSet-Swift
  - Eureka
  - Fabric
  - FBSDKCoreKit
  - FBSDKLoginKit
  - FBSDKShareKit
  - Firebase/AdMob
  - Firebase/Auth
  - Firebase/Core
  - Firebase/Database
  - Firebase/Messaging
  - FLAnimatedImage
  - GoogleMaps
  - GooglePlaces
  - Hero
  - HMSegmentedControl
  - IGListKit
  - JDStatusBarNotification
  - JTAppleCalendar
  - JVFloatLabeledTextField
  - KakaoOpenSDK
  - Kingfisher
  - LGButton
  - LTMorphingLabel
  - MessageKit
  - MGSwipeTableCell
  - Moya/RxSwift
  - MXParallaxHeader
  - NVActivityIndicatorView
  - PopupDialog
  - PySwiftyRegex
  - ReachabilitySwift
  - RealmSwift
  - RxCocoa
  - RxCoreLocation
  - RxDataSources
  - RxGesture
  - RxGoogleMaps
  - RxKeyboard
  - RxRealm
  - RxSwift
  - RxSwiftExt
  - SkyFloatingLabelTextField
  - SnapKit
  - SwiftDate
  - SwiftyBeaver
  - SwiftyImage
  - SwiftyJSON
  - SwiftyUserDefaults
  - TagListView
  - TLPhotoPicker
  - TTTAttributedLabel

SPEC REPOS:
  https://github.com/cocoapods/specs.git:
    - Alamofire
    - BetterSegmentedControl
    - Bolts
    - CHIPageControl
    - Crashlytics
    - Differentiator
    - DynamicBlurView
    - EmptyDataSet-Swift
    - Eureka
    - Fabric
    - FBSDKCoreKit
    - FBSDKLoginKit
    - FBSDKShareKit
    - Firebase
    - FirebaseAnalytics
    - FirebaseAnalyticsInterop
    - FirebaseAuth
    - FirebaseAuthInterop
    - FirebaseCore
    - FirebaseDatabase
    - FirebaseInstanceID
    - FirebaseMessaging
    - FLAnimatedImage
    - Google-Mobile-Ads-SDK
    - GoogleAppMeasurement
    - GoogleMaps
    - GooglePlaces
    - GoogleUtilities
    - GTMSessionFetcher
    - Hero
    - HMSegmentedControl
    - IGListKit
    - JDStatusBarNotification
    - JTAppleCalendar
    - JVFloatLabeledTextField
    - KakaoOpenSDK
    - Kingfisher
    - leveldb-library
    - LGButton
    - LTMorphingLabel
    - MessageInputBar
    - MessageKit
    - MGSwipeTableCell
    - Moya
    - MXParallaxHeader
    - nanopb
    - NVActivityIndicatorView
    - PopupDialog
    - Protobuf
    - PySwiftyRegex
    - ReachabilitySwift
    - Realm
    - RealmSwift
    - Result
    - RxCocoa
    - RxCoreLocation
    - RxDataSources
    - RxGesture
    - RxGoogleMaps
    - RxKeyboard
    - RxRealm
    - RxSwift
    - RxSwiftExt
    - SkyFloatingLabelTextField
    - SnapKit
    - SwiftDate
    - SwiftyBeaver
    - SwiftyImage
    - SwiftyJSON
    - SwiftyUserDefaults
    - TagListView
    - TLPhotoPicker
    - TTTAttributedLabel

SPEC CHECKSUMS:
  Alamofire: 16ce2c353fb72865124ddae8a57c5942388f4f11
  BetterSegmentedControl: 4e3bd0bd517b0f6077c9e17f5663a01cff48e2c5
  Bolts: ac6567323eac61e203f6a9763667d0f711be34c8
  CHIPageControl: bbe1ddd0c688c02ec65b7f7e7d34551a3d16f37c
  Crashlytics: 07fb167b1694128c1c9a5a5cc319b0e9c3ca0933
  Differentiator: be49ca3408f0ecfc761e4c7763d20c62be01b9ad
  DynamicBlurView: b1df5415f9bd31897549e5d7077e5ec120a4d636
  EmptyDataSet-Swift: 1fa0b35f530a35f852ecb2b53564728b0c300aaf
  Eureka: 28ea296f06710f6745266b71f17862048941a32d
  Fabric: f988e33c97f08930a413e08123064d2e5f68d655
  FBSDKCoreKit: f442aa96179cc9b382bb4abeb7e340a47cca8f91
  FBSDKLoginKit: c3079d9a4db27c492287b1eed7a4272b28cf8a59
  FBSDKShareKit: 27d7b982e7b1f4638da2f2b1ab6eba5afc6b5888
  Firebase: 8bb9268bff82374f2cbaaabb143e725743c316ae
  FirebaseAnalytics: c06f9d70577d79074214700a71fd5d39de5550fb
  FirebaseAnalyticsInterop: e5f21be9af6548372e2f0815834ff909bff395a2
  FirebaseAuth: 02e969ff430e156d99d4cb842d77b806b71ad7bb
  FirebaseAuthInterop: 0ffa57668be100582bb7643d4fcb7615496c41fc
  FirebaseCore: 35747502d9e8c6ee217385ad04446c7c2aaf9c5c
  FirebaseDatabase: 0621689f77528d62b47e1c06ca737c4c19275d1a
  FirebaseInstanceID: e2fa4cb35ef5558c200f7f0ad8a53e212215f93e
  FirebaseMessaging: b412996f6a09337d232bb3a6676ce4d1f353d024
  FLAnimatedImage: 4a0b56255d9b05f18b6dd7ee06871be5d3b89e31
  Google-Mobile-Ads-SDK: d028682d7450749a1955679da050eaf70d997b3e
  GoogleAppMeasurement: 98b71f5e04142793729a5ef23e5b96651ff4b70f
  GoogleMaps: f79af95cb24d869457b1f961c93d3ce8b2f3b848
  GooglePlaces: 3d06e6c99654545b4738ce49648745779c25f2ef
  GoogleUtilities: 111a012f4c3a29c9e7c954c082fafd6ee3c999c0
  GTMSessionFetcher: 32aeca0aa144acea523e1c8e053089dec2cb98ca
  Hero: bac92350d7201a1a940003e0767c7b52ce7c99a1
  HMSegmentedControl: f514c6dad47aa3065e0ed2e8046b73efc71221b9
  IGListKit: 7a5d788e9fb746bcd402baa8e8b24bc3bd2a5a07
  JDStatusBarNotification: 21b616e7432284fea6eb0ce9eadc37c8038a5544
  JTAppleCalendar: abb30678f42a4ef8a340a932b1dcb8c85a33dac2
  JVFloatLabeledTextField: cfc44e3c4d493b2ed92ede8035e8e89c2912ba64
  KakaoOpenSDK: d93f0a192ae2ba1491ae82748acbff1261607f12
  Kingfisher: fcec238063d17404fca89bf0a850583211c4cbf6
  leveldb-library: 08cba283675b7ed2d99629a4bc5fd052cd2bb6a5
  LGButton: 0e07c243d1655b507502c3b9271d3c3a7c22dcaa
  LTMorphingLabel: c73ebfef9009c0a098546c29f566024442d1a91e
  MessageInputBar: e81c7535347f1f7b923de7080409a535a004b6e4
  MessageKit: 29c1c87e5a396d2ca7a3f712e5171dc9aba42a1e
  MGSwipeTableCell: dc4eca3212ed38a563b27d6aa7b3c01ce656c1e2
  Moya: cf730b3cd9e005401ef37a85143aa141a12fd38f
  MXParallaxHeader: 858c403532ed933b381556a81ce333d7065ad182
  nanopb: 2901f78ea1b7b4015c860c2fdd1ea2fee1a18d48
  NVActivityIndicatorView: ec34a7b88c51fab270004a1a1f32116e711010cd
  PopupDialog: f4bb461bf70ff422be0b56656566424ee9273080
  Protobuf: 1eb9700044745f00181c136ef21b8ff3ad5a0fd5
  PySwiftyRegex: 18ee6bede93377ce133ca9c1e8cc0446ac988be4
  ReachabilitySwift: 408477d1b6ed9779dba301953171e017c31241f3
  Realm: 50071da38fe079e0735e47c9f2eae738c68c5996
  RealmSwift: 8a1e6a02b7a08cd17a31e3115143fb69fe5f3fb9
  Result: bd966fac789cc6c1563440b348ab2598cc24d5c7
  RxCocoa: 78763c7b07d02455598d9fc3c1ad091a28b73635
  RxCoreLocation: e8d0b77260e3c82186f897fe2dee6547af9fbc5d
  RxDataSources: a843bad90c29817f5923ec8163f4af2de084ceb3
  RxGesture: 26ede4ed13ffc6336d29dbd9a8dff229bdb72de7
  RxGoogleMaps: a198248c04b9769fc26bd57fa06c20da8bab3b5e
  RxKeyboard: 4f782303f499f41577b41c96c6a9a5d7acd51a47
  RxRealm: 5379eddd74f8d617ca7681d1f8d144af25b432b0
  RxSwift: fe0fd770a43acdb7d0a53da411c9b892e69bb6e4
  RxSwiftExt: 01f8ecbeeb355698e9c75365ebe908b00dacf45d
  SkyFloatingLabelTextField: 38164979b79512f9ff9288ad8acfc4bbf5d843e3
  SnapKit: fe8a619752f3f27075cc9a90244d75c6c3f27e2a
  SwiftDate: f4aea5fa9dee812485f34041121a4cbde01b0dee
  SwiftyBeaver: ccfcdf85a04d429f1633f668650b0ce8020bda3a
  SwiftyImage: 62a73a6d8cafb83d7ebbf98795c6d1ad8666bf02
  SwiftyJSON: c4bcba26dd9ec7a027fc8eade48e2c911f229e96
  SwiftyUserDefaults: 3d273b1739b68ada3145dc754a70ec775bc5c8be
  TagListView: 0c7e9c26b9aff858224ee6b155f5fcacd9e27c83
  TLPhotoPicker: e68572b74b5c36ccf146493b7d71568984c239d1
  TTTAttributedLabel: 8cffe8e127e4e82ff3af1e5386d4cd0ad000b656

PODFILE CHECKSUM: 25349f2ef473cb7ca4435e385642fc181024e9d4

COCOAPODS: 1.6.0.beta.2
