// !$*UTF8*$!
{
	archiveVersion = 1;
	classes = {
	};
	objectVersion = 48;
	objects = {

/* Begin PBXBuildFile section */
		0A059CA91FEFB38F0057E26E /* PlanViewModel.swift in Sources */ = {isa = PBXBuildFile; fileRef = 0A059CA81FEFB38F0057E26E /* PlanViewModel.swift */; };
		0A059CAB1FEFB3B50057E26E /* PlanModel.swift in Sources */ = {isa = PBXBuildFile; fileRef = 0A059CAA1FEFB3B50057E26E /* PlanModel.swift */; };
		0A09A8001FDD361B00DC47A7 /* MainViewController3.swift in Sources */ = {isa = PBXBuildFile; fileRef = 0A09A7FF1FDD361B00DC47A7 /* MainViewController3.swift */; };
		0A09A8021FDD3CEF00DC47A7 /* MainViewModel.swift in Sources */ = {isa = PBXBuildFile; fileRef = 0A09A8011FDD3CEF00DC47A7 /* MainViewModel.swift */; };
		0A09A8041FDD3D3B00DC47A7 /* MainModel.swift in Sources */ = {isa = PBXBuildFile; fileRef = 0A09A8031FDD3D3B00DC47A7 /* MainModel.swift */; };
		0A09A8071FDD3F2D00DC47A7 /* MainHeaderView.swift in Sources */ = {isa = PBXBuildFile; fileRef = 0A09A8061FDD3F2D00DC47A7 /* MainHeaderView.swift */; };
		0A0F7A70203556D000F72C2B /* MainCell.swift in Sources */ = {isa = PBXBuildFile; fileRef = 0A0F7A6F203556D000F72C2B /* MainCell.swift */; };
		0A0FDDF320387D250046E76F /* ProfileHeaderView.swift in Sources */ = {isa = PBXBuildFile; fileRef = 0A0FDDF220387D250046E76F /* ProfileHeaderView.swift */; };
		0A0FDE1C203988CC0046E76F /* UIFont+Extension.swift in Sources */ = {isa = PBXBuildFile; fileRef = 0A0FDE1B203988CC0046E76F /* UIFont+Extension.swift */; };
		0A0FDE2620398E550046E76F /* NotoSans-Bold.otf in Resources */ = {isa = PBXBuildFile; fileRef = 0A0FDE2520398DCF0046E76F /* NotoSans-Bold.otf */; };
		0A0FDE2720398E580046E76F /* NotoSans-Light.otf in Resources */ = {isa = PBXBuildFile; fileRef = 0A0FDE2320398DCF0046E76F /* NotoSans-Light.otf */; };
		0A0FDE2820398E5A0046E76F /* NotoSans-Medium.otf in Resources */ = {isa = PBXBuildFile; fileRef = 0A0FDE2220398DCF0046E76F /* NotoSans-Medium.otf */; };
		0A0FDE2920398E5E0046E76F /* NotoSans-Regular.otf in Resources */ = {isa = PBXBuildFile; fileRef = 0A0FDE2420398DCF0046E76F /* NotoSans-Regular.otf */; };
		0A1B11D31FF101FF004B42B6 /* ConfigureViewController.swift in Sources */ = {isa = PBXBuildFile; fileRef = 0A1B11D21FF101FF004B42B6 /* ConfigureViewController.swift */; };
		0A1B11DB1FF1181D004B42B6 /* LoginView.swift in Sources */ = {isa = PBXBuildFile; fileRef = 0A1B11DA1FF1181D004B42B6 /* LoginView.swift */; };
		0A1B11DD1FF12D02004B42B6 /* KeyChainManager.swift in Sources */ = {isa = PBXBuildFile; fileRef = 0A1B11DC1FF12D02004B42B6 /* KeyChainManager.swift */; };
		0A23C1F71FC04FE4005DCE32 /* WelcomeViewModel.swift in Sources */ = {isa = PBXBuildFile; fileRef = 0A23C1F61FC04FE4005DCE32 /* WelcomeViewModel.swift */; };
		0A23C1FA1FC057A8005DCE32 /* AuthManager.swift in Sources */ = {isa = PBXBuildFile; fileRef = 0A23C1F91FC057A8005DCE32 /* AuthManager.swift */; };
		0A23C1FC1FC05ACA005DCE32 /* ObservableType+Extension.swift in Sources */ = {isa = PBXBuildFile; fileRef = 0A23C1FB1FC05ACA005DCE32 /* ObservableType+Extension.swift */; };
		0A3C3FEB1FE7E938005FF52B /* UIImage+Extension.swift in Sources */ = {isa = PBXBuildFile; fileRef = 0A3C3FEA1FE7E938005FF52B /* UIImage+Extension.swift */; };
		0A3C3FED1FE7ECE6005FF52B /* ChatViewController.swift in Sources */ = {isa = PBXBuildFile; fileRef = 0A3C3FEC1FE7ECE6005FF52B /* ChatViewController.swift */; };
		0A3D1D0A1FF0D33B009427B5 /* PlanCell.swift in Sources */ = {isa = PBXBuildFile; fileRef = 0A3D1D091FF0D33B009427B5 /* PlanCell.swift */; };
		0A409E2E1FB74161001FE583 /* GoogleService-Info.plist in Resources */ = {isa = PBXBuildFile; fileRef = 0A409E2D1FB74161001FE583 /* GoogleService-Info.plist */; };
		0A4AC70B1FB1D24200F9FE85 /* UIImageView+Extension.swift in Sources */ = {isa = PBXBuildFile; fileRef = 0A4AC70A1FB1D24200F9FE85 /* UIImageView+Extension.swift */; };
		0A671AC220342C4C00034CE0 /* SetProfileViewController.swift in Sources */ = {isa = PBXBuildFile; fileRef = 0A671AC120342C4C00034CE0 /* SetProfileViewController.swift */; };
		0A671AC420345CC400034CE0 /* UserDefault+Extension.swift in Sources */ = {isa = PBXBuildFile; fileRef = 0A671AC320345CC400034CE0 /* UserDefault+Extension.swift */; };
		0A6C88A61FE9609D002019DE /* TravelViewController.swift in Sources */ = {isa = PBXBuildFile; fileRef = 0A6C88A51FE9609D002019DE /* TravelViewController.swift */; };
		0A6C88AD1FEE3E66002019DE /* WriterCell.swift in Sources */ = {isa = PBXBuildFile; fileRef = 0A6C88AC1FEE3E66002019DE /* WriterCell.swift */; };
		0A6C88AF1FEE82AA002019DE /* PlanViewController.swift in Sources */ = {isa = PBXBuildFile; fileRef = 0A6C88AE1FEE82AA002019DE /* PlanViewController.swift */; };
		0A6FEE7F1FF622A100A2D347 /* JoinView.swift in Sources */ = {isa = PBXBuildFile; fileRef = 0A6FEE7E1FF622A100A2D347 /* JoinView.swift */; };
		0A6FEE811FF629C600A2D347 /* EnumManager.swift in Sources */ = {isa = PBXBuildFile; fileRef = 0A6FEE801FF629C600A2D347 /* EnumManager.swift */; };
		0A71236B1FACC01200512EB7 /* AppDelegate.swift in Sources */ = {isa = PBXBuildFile; fileRef = 0A71236A1FACC01200512EB7 /* AppDelegate.swift */; };
		0A71236D1FACC01200512EB7 /* art.scnassets in Resources */ = {isa = PBXBuildFile; fileRef = 0A71236C1FACC01200512EB7 /* art.scnassets */; };
		0A7123721FACC01200512EB7 /* Main.storyboard in Resources */ = {isa = PBXBuildFile; fileRef = 0A7123701FACC01200512EB7 /* Main.storyboard */; };
		0A7123741FACC01200512EB7 /* Assets.xcassets in Resources */ = {isa = PBXBuildFile; fileRef = 0A7123731FACC01200512EB7 /* Assets.xcassets */; };
		0A7123771FACC01200512EB7 /* LaunchScreen.storyboard in Resources */ = {isa = PBXBuildFile; fileRef = 0A7123751FACC01200512EB7 /* LaunchScreen.storyboard */; };
		0A7123821FACC01200512EB7 /* ZIP_iosTests.swift in Sources */ = {isa = PBXBuildFile; fileRef = 0A7123811FACC01200512EB7 /* ZIP_iosTests.swift */; };
		0A7123921FACC1B600512EB7 /* LoginViewController.swift in Sources */ = {isa = PBXBuildFile; fileRef = 0A7123911FACC1B600512EB7 /* LoginViewController.swift */; };
		0A7123961FACC1E900512EB7 /* MainTabBarController.swift in Sources */ = {isa = PBXBuildFile; fileRef = 0A7123951FACC1E900512EB7 /* MainTabBarController.swift */; };
		0A7123981FACC1FB00512EB7 /* JoinViewController.swift in Sources */ = {isa = PBXBuildFile; fileRef = 0A7123971FACC1FB00512EB7 /* JoinViewController.swift */; };
		0A7123A21FACC29A00512EB7 /* Targets.swift in Sources */ = {isa = PBXBuildFile; fileRef = 0A7123A11FACC29A00512EB7 /* Targets.swift */; };
		0A745661210C773900F8A0C9 /* AreaViewModel.swift in Sources */ = {isa = PBXBuildFile; fileRef = 0A745660210C773900F8A0C9 /* AreaViewModel.swift */; };
		0A745665210C971C00F8A0C9 /* DestinationSearchCell.swift in Sources */ = {isa = PBXBuildFile; fileRef = 0A745664210C971C00F8A0C9 /* DestinationSearchCell.swift */; };
		0A745667210C98ED00F8A0C9 /* UITextField + Extension.swift in Sources */ = {isa = PBXBuildFile; fileRef = 0A745666210C98ED00F8A0C9 /* UITextField + Extension.swift */; };
		0A745669210CA37D00F8A0C9 /* PageViewController.swift in Sources */ = {isa = PBXBuildFile; fileRef = 0A745668210CA37D00F8A0C9 /* PageViewController.swift */; };
		0A74566C210CAA2300F8A0C9 /* SearchDestinationViewController.swift in Sources */ = {isa = PBXBuildFile; fileRef = 0A74566B210CAA2300F8A0C9 /* SearchDestinationViewController.swift */; };
		0A745670210CD09600F8A0C9 /* InsertPeopleViewController.swift in Sources */ = {isa = PBXBuildFile; fileRef = 0A74566F210CD09600F8A0C9 /* InsertPeopleViewController.swift */; };
		0A74567A210D875F00F8A0C9 /* FriendsViewModel.swift in Sources */ = {isa = PBXBuildFile; fileRef = 0A745679210D875F00F8A0C9 /* FriendsViewModel.swift */; };
		0A74567C210D877E00F8A0C9 /* FriendsModel.swift in Sources */ = {isa = PBXBuildFile; fileRef = 0A74567B210D877E00F8A0C9 /* FriendsModel.swift */; };
		0A74567E210D87FF00F8A0C9 /* FriendsCell.swift in Sources */ = {isa = PBXBuildFile; fileRef = 0A74567D210D87FF00F8A0C9 /* FriendsCell.swift */; };
		0A745680210DE0FC00F8A0C9 /* TravelResigerViewModel.swift in Sources */ = {isa = PBXBuildFile; fileRef = 0A74567F210DE0FC00F8A0C9 /* TravelResigerViewModel.swift */; };
		0A745683210DFB7800F8A0C9 /* CreateTravelViewModel.swift in Sources */ = {isa = PBXBuildFile; fileRef = 0A745682210DFB7800F8A0C9 /* CreateTravelViewModel.swift */; };
		0A745685210E013900F8A0C9 /* SearchDestinationViewModel.swift in Sources */ = {isa = PBXBuildFile; fileRef = 0A745684210E013900F8A0C9 /* SearchDestinationViewModel.swift */; };
		0A745687210E04C600F8A0C9 /* SearchDestTVModel.swift in Sources */ = {isa = PBXBuildFile; fileRef = 0A745686210E04C600F8A0C9 /* SearchDestTVModel.swift */; };
		0A745689210E04FC00F8A0C9 /* DestinationModel.swift in Sources */ = {isa = PBXBuildFile; fileRef = 0A745688210E04FC00F8A0C9 /* DestinationModel.swift */; };
		0A74568D210E132B00F8A0C9 /* String + Extension.swift in Sources */ = {isa = PBXBuildFile; fileRef = 0A74568C210E132B00F8A0C9 /* String + Extension.swift */; };
		0A74568F210EE12200F8A0C9 /* UIViewController + Extension.swift in Sources */ = {isa = PBXBuildFile; fileRef = 0A74568E210EE12200F8A0C9 /* UIViewController + Extension.swift */; };
		0A745691210EECDB00F8A0C9 /* RegisterViewController.swift in Sources */ = {isa = PBXBuildFile; fileRef = 0A745690210EECDB00F8A0C9 /* RegisterViewController.swift */; };
		0A7740AB20415A3F0096936E /* PlanPageController.swift in Sources */ = {isa = PBXBuildFile; fileRef = 0A7740AA20415A3F0096936E /* PlanPageController.swift */; };
		0A7E9CED204300F40014D549 /* InsertPlanViewController.swift in Sources */ = {isa = PBXBuildFile; fileRef = 0A7E9CEC204300F40014D549 /* InsertPlanViewController.swift */; };
		0A90EBD02109E8420057F1A9 /* UserModel.swift in Sources */ = {isa = PBXBuildFile; fileRef = 0A90EBCF2109E8420057F1A9 /* UserModel.swift */; };
		0A90EBD22109F76D0057F1A9 /* TicketView.swift in Sources */ = {isa = PBXBuildFile; fileRef = 0A90EBD12109F76D0057F1A9 /* TicketView.swift */; };
		0A90EBD42109F7B10057F1A9 /* TicketView.xib in Resources */ = {isa = PBXBuildFile; fileRef = 0A90EBD32109F7B10057F1A9 /* TicketView.xib */; };
		0A9174CE20220124000A055A /* MockMessage.swift in Sources */ = {isa = PBXBuildFile; fileRef = 0A9174CD20220124000A055A /* MockMessage.swift */; };
		0A9174D12024AB85000A055A /* DataBase.swift in Sources */ = {isa = PBXBuildFile; fileRef = 0A9174D02024AB85000A055A /* DataBase.swift */; };
		0A9174D320272CEC000A055A /* JDStatusBarManager.swift in Sources */ = {isa = PBXBuildFile; fileRef = 0A9174D220272CEC000A055A /* JDStatusBarManager.swift */; };
		0A9A0B001FF0E7FC004EA239 /* PlanFlowLayout.swift in Sources */ = {isa = PBXBuildFile; fileRef = 0A9A0AFF1FF0E7FC004EA239 /* PlanFlowLayout.swift */; };
		0A9A0B021FF0FFCE004EA239 /* UIView+Extension.swift in Sources */ = {isa = PBXBuildFile; fileRef = 0A9A0B011FF0FFCE004EA239 /* UIView+Extension.swift */; };
		0AA0361E1FDADBC6000D4451 /* ProxyController.swift in Sources */ = {isa = PBXBuildFile; fileRef = 0AA0361D1FDADBC6000D4451 /* ProxyController.swift */; };
		0AAD74872114B06100C860ED /* PresenterRow.swift in Sources */ = {isa = PBXBuildFile; fileRef = 0AAD74862114B06100C860ED /* PresenterRow.swift */; };
		0AAD748A211708B900C860ED /* TripStyleCell.swift in Sources */ = {isa = PBXBuildFile; fileRef = 0AAD7489211708B900C860ED /* TripStyleCell.swift */; };
		0AAD748C21170AA500C860ED /* TripStyleHeaderView.swift in Sources */ = {isa = PBXBuildFile; fileRef = 0AAD748B21170AA500C860ED /* TripStyleHeaderView.swift */; };
		0AAD749021170FF700C860ED /* TripStyleModel.swift in Sources */ = {isa = PBXBuildFile; fileRef = 0AAD748F21170FF700C860ED /* TripStyleModel.swift */; };
		0AAD74922117103000C860ED /* TripStyleViewModel.swift in Sources */ = {isa = PBXBuildFile; fileRef = 0AAD74912117103000C860ED /* TripStyleViewModel.swift */; };
		0AD3BC1120491F2C0051D7E3 /* CountryCell.swift in Sources */ = {isa = PBXBuildFile; fileRef = 0AD3BC1020491F2C0051D7E3 /* CountryCell.swift */; };
		0AD3BC13204A7B690051D7E3 /* CountryModel.swift in Sources */ = {isa = PBXBuildFile; fileRef = 0AD3BC12204A7B690051D7E3 /* CountryModel.swift */; };
		0AD3BC17204A85E00051D7E3 /* CountryViewModel.swift in Sources */ = {isa = PBXBuildFile; fileRef = 0AD3BC16204A85E00051D7E3 /* CountryViewModel.swift */; };
		0AD3BC19204BEBBB0051D7E3 /* DetailCategoryViewController.swift in Sources */ = {isa = PBXBuildFile; fileRef = 0AD3BC18204BEBBB0051D7E3 /* DetailCategoryViewController.swift */; };
		0AD7E1481FC9DD7C008AE45C /* WriteViewController.swift in Sources */ = {isa = PBXBuildFile; fileRef = 0AD7E1471FC9DD7C008AE45C /* WriteViewController.swift */; };
		0AF2C01720F8F16C00775EA8 /* MainViewCell.xib in Resources */ = {isa = PBXBuildFile; fileRef = 0AF2C01620F8F16B00775EA8 /* MainViewCell.xib */; };
		0AF2C01920F9CA7300775EA8 /* MatchDetailTableViewController.swift in Sources */ = {isa = PBXBuildFile; fileRef = 0AF2C01820F9CA7300775EA8 /* MatchDetailTableViewController.swift */; };
		0AF2C01B20FB2D9600775EA8 /* LeftSideMenuViewController.swift in Sources */ = {isa = PBXBuildFile; fileRef = 0AF2C01A20FB2D9600775EA8 /* LeftSideMenuViewController.swift */; };
		0AF2C01F20FB38E300775EA8 /* MenuHeaderView.swift in Sources */ = {isa = PBXBuildFile; fileRef = 0AF2C01E20FB38E300775EA8 /* MenuHeaderView.swift */; };
		0AF2C02320FE23BD00775EA8 /* TripModel.swift in Sources */ = {isa = PBXBuildFile; fileRef = 0AF2C02220FE23BD00775EA8 /* TripModel.swift */; };
		0AF2C02520FE2AB600775EA8 /* TravelViewModel.swift in Sources */ = {isa = PBXBuildFile; fileRef = 0AF2C02420FE2AB600775EA8 /* TravelViewModel.swift */; };
		0AF2C02A2104C8E500775EA8 /* TagRow.swift in Sources */ = {isa = PBXBuildFile; fileRef = 0AF2C0292104C8E500775EA8 /* TagRow.swift */; };
		59397C0A34F660FD927A0699 /* Pods_ZIP_iosTests.framework in Frameworks */ = {isa = PBXBuildFile; fileRef = FB4C508F8A9A5C1DE80D8E10 /* Pods_ZIP_iosTests.framework */; };
		B105597921096E9D00AC769C /* MoyaErrorUtil.swift in Sources */ = {isa = PBXBuildFile; fileRef = B105597821096E9D00AC769C /* MoyaErrorUtil.swift */; };
		B105597B210992EC00AC769C /* LoginVIewModel.swift in Sources */ = {isa = PBXBuildFile; fileRef = B105597A210992EC00AC769C /* LoginVIewModel.swift */; };
		B105597D2109C0E800AC769C /* CreateTripViewController.swift in Sources */ = {isa = PBXBuildFile; fileRef = B105597C2109C0E800AC769C /* CreateTripViewController.swift */; };
		B1055990210FED2500AC769C /* MatchCell.swift in Sources */ = {isa = PBXBuildFile; fileRef = B105598F210FED2500AC769C /* MatchCell.swift */; };
		B105599421100A1C00AC769C /* MatchHeaderView.swift in Sources */ = {isa = PBXBuildFile; fileRef = B105599321100A1C00AC769C /* MatchHeaderView.swift */; };
		B1055997211021F300AC769C /* MatchViewModel.swift in Sources */ = {isa = PBXBuildFile; fileRef = B1055996211021F300AC769C /* MatchViewModel.swift */; };
		B10559992110223300AC769C /* MatchTypeModel.swift in Sources */ = {isa = PBXBuildFile; fileRef = B10559982110223300AC769C /* MatchTypeModel.swift */; };
		B12001C02112FD3300DFD676 /* PasswordForgetViewController.swift in Sources */ = {isa = PBXBuildFile; fileRef = B12001BF2112FD3300DFD676 /* PasswordForgetViewController.swift */; };
		B12001C2211300E800DFD676 /* launchlogo.png in Resources */ = {isa = PBXBuildFile; fileRef = B12001C1211300E800DFD676 /* launchlogo.png */; };
		B12001C42113E40C00DFD676 /* JVFloatTextRow.swift in Sources */ = {isa = PBXBuildFile; fileRef = B12001C32113E40C00DFD676 /* JVFloatTextRow.swift */; };
		B16B3DEF211444C3001D278A /* NicknameRow.swift in Sources */ = {isa = PBXBuildFile; fileRef = B16B3DEE211444C3001D278A /* NicknameRow.swift */; };
		B16B3DF72117E6F0001D278A /* TripStyleViewController.swift in Sources */ = {isa = PBXBuildFile; fileRef = B16B3DF62117E6F0001D278A /* TripStyleViewController.swift */; };
		B16B3DF92117E782001D278A /* InitUtil.swift in Sources */ = {isa = PBXBuildFile; fileRef = B16B3DF82117E782001D278A /* InitUtil.swift */; };
		B16B3DFB2117E7E2001D278A /* InterestViewController.swift in Sources */ = {isa = PBXBuildFile; fileRef = B16B3DFA2117E7E2001D278A /* InterestViewController.swift */; };
		B16B3DFD2117F3B3001D278A /* InterestCell.swift in Sources */ = {isa = PBXBuildFile; fileRef = B16B3DFC2117F3B3001D278A /* InterestCell.swift */; };
		B16B3E002117F445001D278A /* InterestViewModel.swift in Sources */ = {isa = PBXBuildFile; fileRef = B16B3DFF2117F445001D278A /* InterestViewModel.swift */; };
		B16B3E032117F46B001D278A /* InterestModel.swift in Sources */ = {isa = PBXBuildFile; fileRef = B16B3E022117F46B001D278A /* InterestModel.swift */; };
		B16BD220211154930045FAA6 /* MyTripViewController.swift in Sources */ = {isa = PBXBuildFile; fileRef = B16BD21F211154930045FAA6 /* MyTripViewController.swift */; };
		B16BD222211162AF0045FAA6 /* MyTripCell.swift in Sources */ = {isa = PBXBuildFile; fileRef = B16BD221211162AF0045FAA6 /* MyTripCell.swift */; };
		B1C4FFA52118204200535FB1 /* InterestAddView.swift in Sources */ = {isa = PBXBuildFile; fileRef = B1C4FFA42118204200535FB1 /* InterestAddView.swift */; };
		B1C4FFA72118315100535FB1 /* CharacterViewController.swift in Sources */ = {isa = PBXBuildFile; fileRef = B1C4FFA62118315100535FB1 /* CharacterViewController.swift */; };
		B1D4E50A20F8446400524CE2 /* ResultModel.swift in Sources */ = {isa = PBXBuildFile; fileRef = B1D4E50920F8446400524CE2 /* ResultModel.swift */; };
		B1D4E50C20F84B2E00524CE2 /* LoginUtil.swift in Sources */ = {isa = PBXBuildFile; fileRef = B1D4E50B20F84B2E00524CE2 /* LoginUtil.swift */; };
		B1D4E50E20F895EF00524CE2 /* MainViewController.swift in Sources */ = {isa = PBXBuildFile; fileRef = B1D4E50D20F895EF00524CE2 /* MainViewController.swift */; };
		B1D4E51020F8968000524CE2 /* MainViewCell.swift in Sources */ = {isa = PBXBuildFile; fileRef = B1D4E50F20F8968000524CE2 /* MainViewCell.swift */; };
		B1D4E51220FC232900524CE2 /* JoinModel.swift in Sources */ = {isa = PBXBuildFile; fileRef = B1D4E51120FC232900524CE2 /* JoinModel.swift */; };
		B1D4E51420FC6C3600524CE2 /* DefaultLoginViewController.swift in Sources */ = {isa = PBXBuildFile; fileRef = B1D4E51320FC6C3600524CE2 /* DefaultLoginViewController.swift */; };
		B1D4E51620FDC83B00524CE2 /* FriendsViewController.swift in Sources */ = {isa = PBXBuildFile; fileRef = B1D4E51520FDC83B00524CE2 /* FriendsViewController.swift */; };
		B1D4E51E20FDCBB200524CE2 /* godoRounded L.ttf in Resources */ = {isa = PBXBuildFile; fileRef = B1D4E51C20FDCA3800524CE2 /* godoRounded L.ttf */; };
		B1D4E51F20FDCBB200524CE2 /* godoRounded R.ttf in Resources */ = {isa = PBXBuildFile; fileRef = B1D4E51D20FDCA3800524CE2 /* godoRounded R.ttf */; };
		B1D4E52020FDCBB200524CE2 /* godoMaum.ttf in Resources */ = {isa = PBXBuildFile; fileRef = B1D4E51B20FDCA2C00524CE2 /* godoMaum.ttf */; };
		B1D4E52120FDCBB200524CE2 /* BMHANNA.otf in Resources */ = {isa = PBXBuildFile; fileRef = B1D4E51A20FDCA2300524CE2 /* BMHANNA.otf */; };
		B1D4E52220FDCBB200524CE2 /* BMJUA.otf in Resources */ = {isa = PBXBuildFile; fileRef = B1D4E51920FDCA1F00524CE2 /* BMJUA.otf */; };
		B1EF955D21193EAA00F6418F /* CharacterCell.swift in Sources */ = {isa = PBXBuildFile; fileRef = B1EF955C21193EAA00F6418F /* CharacterCell.swift */; };
		B1EF955F21193FB900F6418F /* CharacterViewModel.swift in Sources */ = {isa = PBXBuildFile; fileRef = B1EF955E21193FB900F6418F /* CharacterViewModel.swift */; };
		B1EF956121193FC500F6418F /* CharacterModel.swift in Sources */ = {isa = PBXBuildFile; fileRef = B1EF956021193FC500F6418F /* CharacterModel.swift */; };
		B1EF95632119450F00F6418F /* CharacterHeaderView.swift in Sources */ = {isa = PBXBuildFile; fileRef = B1EF95622119450F00F6418F /* CharacterHeaderView.swift */; };
		B1EF95652119481700F6418F /* ProfileViewModel.swift in Sources */ = {isa = PBXBuildFile; fileRef = B1EF95642119481700F6418F /* ProfileViewModel.swift */; };
		B1EF95672119685000F6418F /* CharacterFooterView.swift in Sources */ = {isa = PBXBuildFile; fileRef = B1EF95662119685000F6418F /* CharacterFooterView.swift */; };
		B1EF95692119902D00F6418F /* TripStyleFooterView.swift in Sources */ = {isa = PBXBuildFile; fileRef = B1EF95682119902D00F6418F /* TripStyleFooterView.swift */; };
		BAB35871AF3A20A85A1D01CD /* Pods_ZIP_ios.framework in Frameworks */ = {isa = PBXBuildFile; fileRef = D390024D23B8B0D863AC780D /* Pods_ZIP_ios.framework */; };
/* End PBXBuildFile section */

/* Begin PBXContainerItemProxy section */
		0A71237E1FACC01200512EB7 /* PBXContainerItemProxy */ = {
			isa = PBXContainerItemProxy;
			containerPortal = 0A71235F1FACC01200512EB7 /* Project object */;
			proxyType = 1;
			remoteGlobalIDString = 0A7123661FACC01200512EB7;
			remoteInfo = ZIP_ios;
		};
/* End PBXContainerItemProxy section */

/* Begin PBXFileReference section */
		0A059CA81FEFB38F0057E26E /* PlanViewModel.swift */ = {isa = PBXFileReference; lastKnownFileType = sourcecode.swift; path = PlanViewModel.swift; sourceTree = "<group>"; };
		0A059CAA1FEFB3B50057E26E /* PlanModel.swift */ = {isa = PBXFileReference; lastKnownFileType = sourcecode.swift; path = PlanModel.swift; sourceTree = "<group>"; };
		0A09A7FF1FDD361B00DC47A7 /* MainViewController3.swift */ = {isa = PBXFileReference; lastKnownFileType = sourcecode.swift; path = MainViewController3.swift; sourceTree = "<group>"; };
		0A09A8011FDD3CEF00DC47A7 /* MainViewModel.swift */ = {isa = PBXFileReference; lastKnownFileType = sourcecode.swift; path = MainViewModel.swift; sourceTree = "<group>"; };
		0A09A8031FDD3D3B00DC47A7 /* MainModel.swift */ = {isa = PBXFileReference; lastKnownFileType = sourcecode.swift; path = MainModel.swift; sourceTree = "<group>"; };
		0A09A8061FDD3F2D00DC47A7 /* MainHeaderView.swift */ = {isa = PBXFileReference; lastKnownFileType = sourcecode.swift; path = MainHeaderView.swift; sourceTree = "<group>"; };
		0A0F7A6F203556D000F72C2B /* MainCell.swift */ = {isa = PBXFileReference; lastKnownFileType = sourcecode.swift; path = MainCell.swift; sourceTree = "<group>"; };
		0A0FDDF220387D250046E76F /* ProfileHeaderView.swift */ = {isa = PBXFileReference; lastKnownFileType = sourcecode.swift; path = ProfileHeaderView.swift; sourceTree = "<group>"; };
		0A0FDE1B203988CC0046E76F /* UIFont+Extension.swift */ = {isa = PBXFileReference; lastKnownFileType = sourcecode.swift; path = "UIFont+Extension.swift"; sourceTree = "<group>"; };
		0A0FDE2220398DCF0046E76F /* NotoSans-Medium.otf */ = {isa = PBXFileReference; lastKnownFileType = file; path = "NotoSans-Medium.otf"; sourceTree = SOURCE_ROOT; };
		0A0FDE2320398DCF0046E76F /* NotoSans-Light.otf */ = {isa = PBXFileReference; lastKnownFileType = file; path = "NotoSans-Light.otf"; sourceTree = SOURCE_ROOT; };
		0A0FDE2420398DCF0046E76F /* NotoSans-Regular.otf */ = {isa = PBXFileReference; lastKnownFileType = file; path = "NotoSans-Regular.otf"; sourceTree = SOURCE_ROOT; };
		0A0FDE2520398DCF0046E76F /* NotoSans-Bold.otf */ = {isa = PBXFileReference; lastKnownFileType = file; path = "NotoSans-Bold.otf"; sourceTree = SOURCE_ROOT; };
		0A1B11D21FF101FF004B42B6 /* ConfigureViewController.swift */ = {isa = PBXFileReference; lastKnownFileType = sourcecode.swift; path = ConfigureViewController.swift; sourceTree = "<group>"; };
		0A1B11DA1FF1181D004B42B6 /* LoginView.swift */ = {isa = PBXFileReference; lastKnownFileType = sourcecode.swift; path = LoginView.swift; sourceTree = "<group>"; };
		0A1B11DC1FF12D02004B42B6 /* KeyChainManager.swift */ = {isa = PBXFileReference; lastKnownFileType = sourcecode.swift; path = KeyChainManager.swift; sourceTree = "<group>"; };
		0A23C1F61FC04FE4005DCE32 /* WelcomeViewModel.swift */ = {isa = PBXFileReference; lastKnownFileType = sourcecode.swift; path = WelcomeViewModel.swift; sourceTree = "<group>"; };
		0A23C1F91FC057A8005DCE32 /* AuthManager.swift */ = {isa = PBXFileReference; lastKnownFileType = sourcecode.swift; path = AuthManager.swift; sourceTree = "<group>"; };
		0A23C1FB1FC05ACA005DCE32 /* ObservableType+Extension.swift */ = {isa = PBXFileReference; lastKnownFileType = sourcecode.swift; path = "ObservableType+Extension.swift"; sourceTree = "<group>"; };
		0A3C3FEA1FE7E938005FF52B /* UIImage+Extension.swift */ = {isa = PBXFileReference; lastKnownFileType = sourcecode.swift; path = "UIImage+Extension.swift"; sourceTree = "<group>"; };
		0A3C3FEC1FE7ECE6005FF52B /* ChatViewController.swift */ = {isa = PBXFileReference; lastKnownFileType = sourcecode.swift; path = ChatViewController.swift; sourceTree = "<group>"; };
		0A3D1D091FF0D33B009427B5 /* PlanCell.swift */ = {isa = PBXFileReference; lastKnownFileType = sourcecode.swift; path = PlanCell.swift; sourceTree = "<group>"; };
		0A409E2D1FB74161001FE583 /* GoogleService-Info.plist */ = {isa = PBXFileReference; fileEncoding = 4; lastKnownFileType = text.plist.xml; path = "GoogleService-Info.plist"; sourceTree = "<group>"; };
		0A4AC70A1FB1D24200F9FE85 /* UIImageView+Extension.swift */ = {isa = PBXFileReference; lastKnownFileType = sourcecode.swift; path = "UIImageView+Extension.swift"; sourceTree = "<group>"; };
		0A671AC120342C4C00034CE0 /* SetProfileViewController.swift */ = {isa = PBXFileReference; lastKnownFileType = sourcecode.swift; path = SetProfileViewController.swift; sourceTree = "<group>"; };
		0A671AC320345CC400034CE0 /* UserDefault+Extension.swift */ = {isa = PBXFileReference; lastKnownFileType = sourcecode.swift; path = "UserDefault+Extension.swift"; sourceTree = "<group>"; };
		0A6C88A51FE9609D002019DE /* TravelViewController.swift */ = {isa = PBXFileReference; lastKnownFileType = sourcecode.swift; path = TravelViewController.swift; sourceTree = "<group>"; };
		0A6C88AC1FEE3E66002019DE /* WriterCell.swift */ = {isa = PBXFileReference; lastKnownFileType = sourcecode.swift; path = WriterCell.swift; sourceTree = "<group>"; };
		0A6C88AE1FEE82AA002019DE /* PlanViewController.swift */ = {isa = PBXFileReference; lastKnownFileType = sourcecode.swift; path = PlanViewController.swift; sourceTree = "<group>"; };
		0A6FEE7E1FF622A100A2D347 /* JoinView.swift */ = {isa = PBXFileReference; lastKnownFileType = sourcecode.swift; path = JoinView.swift; sourceTree = "<group>"; };
		0A6FEE801FF629C600A2D347 /* EnumManager.swift */ = {isa = PBXFileReference; lastKnownFileType = sourcecode.swift; path = EnumManager.swift; sourceTree = "<group>"; };
		0A7123671FACC01200512EB7 /* ZIP_ios.app */ = {isa = PBXFileReference; explicitFileType = wrapper.application; includeInIndex = 0; path = ZIP_ios.app; sourceTree = BUILT_PRODUCTS_DIR; };
		0A71236A1FACC01200512EB7 /* AppDelegate.swift */ = {isa = PBXFileReference; lastKnownFileType = sourcecode.swift; path = AppDelegate.swift; sourceTree = "<group>"; };
		0A71236C1FACC01200512EB7 /* art.scnassets */ = {isa = PBXFileReference; lastKnownFileType = wrapper.scnassets; path = art.scnassets; sourceTree = "<group>"; };
		0A7123711FACC01200512EB7 /* Base */ = {isa = PBXFileReference; lastKnownFileType = file.storyboard; name = Base; path = Base.lproj/Main.storyboard; sourceTree = "<group>"; };
		0A7123731FACC01200512EB7 /* Assets.xcassets */ = {isa = PBXFileReference; lastKnownFileType = folder.assetcatalog; path = Assets.xcassets; sourceTree = "<group>"; };
		0A7123761FACC01200512EB7 /* Base */ = {isa = PBXFileReference; lastKnownFileType = file.storyboard; name = Base; path = Base.lproj/LaunchScreen.storyboard; sourceTree = "<group>"; };
		0A7123781FACC01200512EB7 /* Info.plist */ = {isa = PBXFileReference; lastKnownFileType = text.plist.xml; path = Info.plist; sourceTree = "<group>"; };
		0A71237D1FACC01200512EB7 /* ZIP_iosTests.xctest */ = {isa = PBXFileReference; explicitFileType = wrapper.cfbundle; includeInIndex = 0; path = ZIP_iosTests.xctest; sourceTree = BUILT_PRODUCTS_DIR; };
		0A7123811FACC01200512EB7 /* ZIP_iosTests.swift */ = {isa = PBXFileReference; lastKnownFileType = sourcecode.swift; path = ZIP_iosTests.swift; sourceTree = "<group>"; };
		0A7123831FACC01200512EB7 /* Info.plist */ = {isa = PBXFileReference; lastKnownFileType = text.plist.xml; path = Info.plist; sourceTree = "<group>"; };
		0A7123911FACC1B600512EB7 /* LoginViewController.swift */ = {isa = PBXFileReference; lastKnownFileType = sourcecode.swift; path = LoginViewController.swift; sourceTree = "<group>"; };
		0A7123951FACC1E900512EB7 /* MainTabBarController.swift */ = {isa = PBXFileReference; lastKnownFileType = sourcecode.swift; path = MainTabBarController.swift; sourceTree = "<group>"; };
		0A7123971FACC1FB00512EB7 /* JoinViewController.swift */ = {isa = PBXFileReference; lastKnownFileType = sourcecode.swift; path = JoinViewController.swift; sourceTree = "<group>"; };
		0A71239A1FACC24400512EB7 /* ZIP_ios-Bridging-Header.h */ = {isa = PBXFileReference; lastKnownFileType = sourcecode.c.h; path = "ZIP_ios-Bridging-Header.h"; sourceTree = "<group>"; };
		0A7123A11FACC29A00512EB7 /* Targets.swift */ = {isa = PBXFileReference; lastKnownFileType = sourcecode.swift; path = Targets.swift; sourceTree = "<group>"; };
		0A745660210C773900F8A0C9 /* AreaViewModel.swift */ = {isa = PBXFileReference; lastKnownFileType = sourcecode.swift; path = AreaViewModel.swift; sourceTree = "<group>"; };
		0A745664210C971C00F8A0C9 /* DestinationSearchCell.swift */ = {isa = PBXFileReference; lastKnownFileType = sourcecode.swift; path = DestinationSearchCell.swift; sourceTree = "<group>"; };
		0A745666210C98ED00F8A0C9 /* UITextField + Extension.swift */ = {isa = PBXFileReference; lastKnownFileType = sourcecode.swift; path = "UITextField + Extension.swift"; sourceTree = "<group>"; };
		0A745668210CA37D00F8A0C9 /* PageViewController.swift */ = {isa = PBXFileReference; lastKnownFileType = sourcecode.swift; path = PageViewController.swift; sourceTree = "<group>"; };
		0A74566B210CAA2300F8A0C9 /* SearchDestinationViewController.swift */ = {isa = PBXFileReference; lastKnownFileType = sourcecode.swift; path = SearchDestinationViewController.swift; sourceTree = "<group>"; };
		0A74566F210CD09600F8A0C9 /* InsertPeopleViewController.swift */ = {isa = PBXFileReference; lastKnownFileType = sourcecode.swift; path = InsertPeopleViewController.swift; sourceTree = "<group>"; };
		0A745679210D875F00F8A0C9 /* FriendsViewModel.swift */ = {isa = PBXFileReference; lastKnownFileType = sourcecode.swift; path = FriendsViewModel.swift; sourceTree = "<group>"; };
		0A74567B210D877E00F8A0C9 /* FriendsModel.swift */ = {isa = PBXFileReference; lastKnownFileType = sourcecode.swift; path = FriendsModel.swift; sourceTree = "<group>"; };
		0A74567D210D87FF00F8A0C9 /* FriendsCell.swift */ = {isa = PBXFileReference; lastKnownFileType = sourcecode.swift; path = FriendsCell.swift; sourceTree = "<group>"; };
		0A74567F210DE0FC00F8A0C9 /* TravelResigerViewModel.swift */ = {isa = PBXFileReference; lastKnownFileType = sourcecode.swift; path = TravelResigerViewModel.swift; sourceTree = "<group>"; };
		0A745682210DFB7800F8A0C9 /* CreateTravelViewModel.swift */ = {isa = PBXFileReference; lastKnownFileType = sourcecode.swift; path = CreateTravelViewModel.swift; sourceTree = "<group>"; };
		0A745684210E013900F8A0C9 /* SearchDestinationViewModel.swift */ = {isa = PBXFileReference; lastKnownFileType = sourcecode.swift; path = SearchDestinationViewModel.swift; sourceTree = "<group>"; };
		0A745686210E04C600F8A0C9 /* SearchDestTVModel.swift */ = {isa = PBXFileReference; lastKnownFileType = sourcecode.swift; path = SearchDestTVModel.swift; sourceTree = "<group>"; };
		0A745688210E04FC00F8A0C9 /* DestinationModel.swift */ = {isa = PBXFileReference; lastKnownFileType = sourcecode.swift; path = DestinationModel.swift; sourceTree = "<group>"; };
		0A74568C210E132B00F8A0C9 /* String + Extension.swift */ = {isa = PBXFileReference; lastKnownFileType = sourcecode.swift; path = "String + Extension.swift"; sourceTree = "<group>"; };
		0A74568E210EE12200F8A0C9 /* UIViewController + Extension.swift */ = {isa = PBXFileReference; lastKnownFileType = sourcecode.swift; path = "UIViewController + Extension.swift"; sourceTree = "<group>"; };
		0A745690210EECDB00F8A0C9 /* RegisterViewController.swift */ = {isa = PBXFileReference; lastKnownFileType = sourcecode.swift; path = RegisterViewController.swift; sourceTree = "<group>"; };
		0A7740AA20415A3F0096936E /* PlanPageController.swift */ = {isa = PBXFileReference; lastKnownFileType = sourcecode.swift; path = PlanPageController.swift; sourceTree = "<group>"; };
		0A7E9CEC204300F40014D549 /* InsertPlanViewController.swift */ = {isa = PBXFileReference; lastKnownFileType = sourcecode.swift; path = InsertPlanViewController.swift; sourceTree = "<group>"; };
		0A90EBCF2109E8420057F1A9 /* UserModel.swift */ = {isa = PBXFileReference; lastKnownFileType = sourcecode.swift; path = UserModel.swift; sourceTree = "<group>"; };
		0A90EBD12109F76D0057F1A9 /* TicketView.swift */ = {isa = PBXFileReference; lastKnownFileType = sourcecode.swift; path = TicketView.swift; sourceTree = "<group>"; };
		0A90EBD32109F7B10057F1A9 /* TicketView.xib */ = {isa = PBXFileReference; lastKnownFileType = file.xib; path = TicketView.xib; sourceTree = "<group>"; };
		0A9174CD20220124000A055A /* MockMessage.swift */ = {isa = PBXFileReference; lastKnownFileType = sourcecode.swift; path = MockMessage.swift; sourceTree = "<group>"; };
		0A9174D02024AB85000A055A /* DataBase.swift */ = {isa = PBXFileReference; lastKnownFileType = sourcecode.swift; path = DataBase.swift; sourceTree = "<group>"; };
		0A9174D220272CEC000A055A /* JDStatusBarManager.swift */ = {isa = PBXFileReference; lastKnownFileType = sourcecode.swift; path = JDStatusBarManager.swift; sourceTree = "<group>"; };
		0A9A0AFF1FF0E7FC004EA239 /* PlanFlowLayout.swift */ = {isa = PBXFileReference; lastKnownFileType = sourcecode.swift; path = PlanFlowLayout.swift; sourceTree = "<group>"; };
		0A9A0B011FF0FFCE004EA239 /* UIView+Extension.swift */ = {isa = PBXFileReference; lastKnownFileType = sourcecode.swift; path = "UIView+Extension.swift"; sourceTree = "<group>"; };
		0AA0361D1FDADBC6000D4451 /* ProxyController.swift */ = {isa = PBXFileReference; lastKnownFileType = sourcecode.swift; path = ProxyController.swift; sourceTree = "<group>"; };
		0AAD74862114B06100C860ED /* PresenterRow.swift */ = {isa = PBXFileReference; lastKnownFileType = sourcecode.swift; path = PresenterRow.swift; sourceTree = "<group>"; };
		0AAD7489211708B900C860ED /* TripStyleCell.swift */ = {isa = PBXFileReference; lastKnownFileType = sourcecode.swift; path = TripStyleCell.swift; sourceTree = "<group>"; };
		0AAD748B21170AA500C860ED /* TripStyleHeaderView.swift */ = {isa = PBXFileReference; lastKnownFileType = sourcecode.swift; path = TripStyleHeaderView.swift; sourceTree = "<group>"; };
		0AAD748F21170FF700C860ED /* TripStyleModel.swift */ = {isa = PBXFileReference; lastKnownFileType = sourcecode.swift; path = TripStyleModel.swift; sourceTree = "<group>"; };
		0AAD74912117103000C860ED /* TripStyleViewModel.swift */ = {isa = PBXFileReference; lastKnownFileType = sourcecode.swift; path = TripStyleViewModel.swift; sourceTree = "<group>"; };
		0AD3BC1020491F2C0051D7E3 /* CountryCell.swift */ = {isa = PBXFileReference; lastKnownFileType = sourcecode.swift; path = CountryCell.swift; sourceTree = "<group>"; };
		0AD3BC12204A7B690051D7E3 /* CountryModel.swift */ = {isa = PBXFileReference; lastKnownFileType = sourcecode.swift; path = CountryModel.swift; sourceTree = "<group>"; };
		0AD3BC16204A85E00051D7E3 /* CountryViewModel.swift */ = {isa = PBXFileReference; lastKnownFileType = sourcecode.swift; path = CountryViewModel.swift; sourceTree = "<group>"; };
		0AD3BC18204BEBBB0051D7E3 /* DetailCategoryViewController.swift */ = {isa = PBXFileReference; lastKnownFileType = sourcecode.swift; path = DetailCategoryViewController.swift; sourceTree = "<group>"; };
		0AD7E1471FC9DD7C008AE45C /* WriteViewController.swift */ = {isa = PBXFileReference; lastKnownFileType = sourcecode.swift; path = WriteViewController.swift; sourceTree = "<group>"; };
		0AF2C01620F8F16B00775EA8 /* MainViewCell.xib */ = {isa = PBXFileReference; fileEncoding = 4; lastKnownFileType = file.xib; path = MainViewCell.xib; sourceTree = "<group>"; };
		0AF2C01820F9CA7300775EA8 /* MatchDetailTableViewController.swift */ = {isa = PBXFileReference; lastKnownFileType = sourcecode.swift; path = MatchDetailTableViewController.swift; sourceTree = "<group>"; };
		0AF2C01A20FB2D9600775EA8 /* LeftSideMenuViewController.swift */ = {isa = PBXFileReference; lastKnownFileType = sourcecode.swift; path = LeftSideMenuViewController.swift; sourceTree = "<group>"; };
		0AF2C01E20FB38E300775EA8 /* MenuHeaderView.swift */ = {isa = PBXFileReference; lastKnownFileType = sourcecode.swift; path = MenuHeaderView.swift; sourceTree = "<group>"; };
		0AF2C02220FE23BD00775EA8 /* TripModel.swift */ = {isa = PBXFileReference; lastKnownFileType = sourcecode.swift; path = TripModel.swift; sourceTree = "<group>"; };
		0AF2C02420FE2AB600775EA8 /* TravelViewModel.swift */ = {isa = PBXFileReference; lastKnownFileType = sourcecode.swift; path = TravelViewModel.swift; sourceTree = "<group>"; };
		0AF2C0292104C8E500775EA8 /* TagRow.swift */ = {isa = PBXFileReference; lastKnownFileType = sourcecode.swift; path = TagRow.swift; sourceTree = "<group>"; };
		0AFC96D21FB7281F003C6F8E /* ZIP_ios.entitlements */ = {isa = PBXFileReference; lastKnownFileType = text.plist.entitlements; path = ZIP_ios.entitlements; sourceTree = "<group>"; };
		7B9C4226FE4FE2EB23EB73C6 /* Pods-ZIP_ios.debug.xcconfig */ = {isa = PBXFileReference; includeInIndex = 1; lastKnownFileType = text.xcconfig; name = "Pods-ZIP_ios.debug.xcconfig"; path = "Pods/Target Support Files/Pods-ZIP_ios/Pods-ZIP_ios.debug.xcconfig"; sourceTree = "<group>"; };
		B105597821096E9D00AC769C /* MoyaErrorUtil.swift */ = {isa = PBXFileReference; lastKnownFileType = sourcecode.swift; path = MoyaErrorUtil.swift; sourceTree = "<group>"; };
		B105597A210992EC00AC769C /* LoginVIewModel.swift */ = {isa = PBXFileReference; lastKnownFileType = sourcecode.swift; path = LoginVIewModel.swift; sourceTree = "<group>"; };
		B105597C2109C0E800AC769C /* CreateTripViewController.swift */ = {isa = PBXFileReference; lastKnownFileType = sourcecode.swift; path = CreateTripViewController.swift; sourceTree = "<group>"; };
		B105598F210FED2500AC769C /* MatchCell.swift */ = {isa = PBXFileReference; lastKnownFileType = sourcecode.swift; path = MatchCell.swift; sourceTree = "<group>"; };
		B105599321100A1C00AC769C /* MatchHeaderView.swift */ = {isa = PBXFileReference; lastKnownFileType = sourcecode.swift; path = MatchHeaderView.swift; sourceTree = "<group>"; };
		B1055996211021F300AC769C /* MatchViewModel.swift */ = {isa = PBXFileReference; lastKnownFileType = sourcecode.swift; path = MatchViewModel.swift; sourceTree = "<group>"; };
		B10559982110223300AC769C /* MatchTypeModel.swift */ = {isa = PBXFileReference; lastKnownFileType = sourcecode.swift; path = MatchTypeModel.swift; sourceTree = "<group>"; };
		B12001BF2112FD3300DFD676 /* PasswordForgetViewController.swift */ = {isa = PBXFileReference; lastKnownFileType = sourcecode.swift; path = PasswordForgetViewController.swift; sourceTree = "<group>"; };
		B12001C1211300E800DFD676 /* launchlogo.png */ = {isa = PBXFileReference; lastKnownFileType = image.png; path = launchlogo.png; sourceTree = "<group>"; };
		B12001C32113E40C00DFD676 /* JVFloatTextRow.swift */ = {isa = PBXFileReference; lastKnownFileType = sourcecode.swift; path = JVFloatTextRow.swift; sourceTree = "<group>"; };
		B16B3DEE211444C3001D278A /* NicknameRow.swift */ = {isa = PBXFileReference; lastKnownFileType = sourcecode.swift; path = NicknameRow.swift; sourceTree = "<group>"; };
		B16B3DF62117E6F0001D278A /* TripStyleViewController.swift */ = {isa = PBXFileReference; lastKnownFileType = sourcecode.swift; path = TripStyleViewController.swift; sourceTree = "<group>"; };
		B16B3DF82117E782001D278A /* InitUtil.swift */ = {isa = PBXFileReference; lastKnownFileType = sourcecode.swift; path = InitUtil.swift; sourceTree = "<group>"; };
		B16B3DFA2117E7E2001D278A /* InterestViewController.swift */ = {isa = PBXFileReference; lastKnownFileType = sourcecode.swift; path = InterestViewController.swift; sourceTree = "<group>"; };
		B16B3DFC2117F3B3001D278A /* InterestCell.swift */ = {isa = PBXFileReference; lastKnownFileType = sourcecode.swift; path = InterestCell.swift; sourceTree = "<group>"; };
		B16B3DFF2117F445001D278A /* InterestViewModel.swift */ = {isa = PBXFileReference; lastKnownFileType = sourcecode.swift; path = InterestViewModel.swift; sourceTree = "<group>"; };
		B16B3E022117F46B001D278A /* InterestModel.swift */ = {isa = PBXFileReference; lastKnownFileType = sourcecode.swift; path = InterestModel.swift; sourceTree = "<group>"; };
		B16BD21F211154930045FAA6 /* MyTripViewController.swift */ = {isa = PBXFileReference; lastKnownFileType = sourcecode.swift; path = MyTripViewController.swift; sourceTree = "<group>"; };
		B16BD221211162AF0045FAA6 /* MyTripCell.swift */ = {isa = PBXFileReference; lastKnownFileType = sourcecode.swift; path = MyTripCell.swift; sourceTree = "<group>"; };
		B1C4FFA42118204200535FB1 /* InterestAddView.swift */ = {isa = PBXFileReference; lastKnownFileType = sourcecode.swift; path = InterestAddView.swift; sourceTree = "<group>"; };
		B1C4FFA62118315100535FB1 /* CharacterViewController.swift */ = {isa = PBXFileReference; lastKnownFileType = sourcecode.swift; path = CharacterViewController.swift; sourceTree = "<group>"; };
		B1D4E50920F8446400524CE2 /* ResultModel.swift */ = {isa = PBXFileReference; lastKnownFileType = sourcecode.swift; path = ResultModel.swift; sourceTree = "<group>"; };
		B1D4E50B20F84B2E00524CE2 /* LoginUtil.swift */ = {isa = PBXFileReference; lastKnownFileType = sourcecode.swift; path = LoginUtil.swift; sourceTree = "<group>"; };
		B1D4E50D20F895EF00524CE2 /* MainViewController.swift */ = {isa = PBXFileReference; lastKnownFileType = sourcecode.swift; path = MainViewController.swift; sourceTree = "<group>"; };
		B1D4E50F20F8968000524CE2 /* MainViewCell.swift */ = {isa = PBXFileReference; lastKnownFileType = sourcecode.swift; path = MainViewCell.swift; sourceTree = "<group>"; };
		B1D4E51120FC232900524CE2 /* JoinModel.swift */ = {isa = PBXFileReference; lastKnownFileType = sourcecode.swift; path = JoinModel.swift; sourceTree = "<group>"; };
		B1D4E51320FC6C3600524CE2 /* DefaultLoginViewController.swift */ = {isa = PBXFileReference; lastKnownFileType = sourcecode.swift; path = DefaultLoginViewController.swift; sourceTree = "<group>"; };
		B1D4E51520FDC83B00524CE2 /* FriendsViewController.swift */ = {isa = PBXFileReference; lastKnownFileType = sourcecode.swift; path = FriendsViewController.swift; sourceTree = "<group>"; };
		B1D4E51920FDCA1F00524CE2 /* BMJUA.otf */ = {isa = PBXFileReference; lastKnownFileType = file; path = BMJUA.otf; sourceTree = "<group>"; };
		B1D4E51A20FDCA2300524CE2 /* BMHANNA.otf */ = {isa = PBXFileReference; lastKnownFileType = file; path = BMHANNA.otf; sourceTree = "<group>"; };
		B1D4E51B20FDCA2C00524CE2 /* godoMaum.ttf */ = {isa = PBXFileReference; lastKnownFileType = file; path = godoMaum.ttf; sourceTree = "<group>"; };
		B1D4E51C20FDCA3800524CE2 /* godoRounded L.ttf */ = {isa = PBXFileReference; lastKnownFileType = file; path = "godoRounded L.ttf"; sourceTree = "<group>"; };
		B1D4E51D20FDCA3800524CE2 /* godoRounded R.ttf */ = {isa = PBXFileReference; lastKnownFileType = file; path = "godoRounded R.ttf"; sourceTree = "<group>"; };
		B1EF955C21193EAA00F6418F /* CharacterCell.swift */ = {isa = PBXFileReference; lastKnownFileType = sourcecode.swift; path = CharacterCell.swift; sourceTree = "<group>"; };
		B1EF955E21193FB900F6418F /* CharacterViewModel.swift */ = {isa = PBXFileReference; lastKnownFileType = sourcecode.swift; path = CharacterViewModel.swift; sourceTree = "<group>"; };
		B1EF956021193FC500F6418F /* CharacterModel.swift */ = {isa = PBXFileReference; lastKnownFileType = sourcecode.swift; path = CharacterModel.swift; sourceTree = "<group>"; };
		B1EF95622119450F00F6418F /* CharacterHeaderView.swift */ = {isa = PBXFileReference; lastKnownFileType = sourcecode.swift; path = CharacterHeaderView.swift; sourceTree = "<group>"; };
		B1EF95642119481700F6418F /* ProfileViewModel.swift */ = {isa = PBXFileReference; lastKnownFileType = sourcecode.swift; path = ProfileViewModel.swift; sourceTree = "<group>"; };
		B1EF95662119685000F6418F /* CharacterFooterView.swift */ = {isa = PBXFileReference; lastKnownFileType = sourcecode.swift; path = CharacterFooterView.swift; sourceTree = "<group>"; };
		B1EF95682119902D00F6418F /* TripStyleFooterView.swift */ = {isa = PBXFileReference; lastKnownFileType = sourcecode.swift; path = TripStyleFooterView.swift; sourceTree = "<group>"; };
		BBBA05947428AB4BFEF7859A /* Pods-ZIP_iosTests.debug.xcconfig */ = {isa = PBXFileReference; includeInIndex = 1; lastKnownFileType = text.xcconfig; name = "Pods-ZIP_iosTests.debug.xcconfig"; path = "Pods/Target Support Files/Pods-ZIP_iosTests/Pods-ZIP_iosTests.debug.xcconfig"; sourceTree = "<group>"; };
		D390024D23B8B0D863AC780D /* Pods_ZIP_ios.framework */ = {isa = PBXFileReference; explicitFileType = wrapper.framework; includeInIndex = 0; path = Pods_ZIP_ios.framework; sourceTree = BUILT_PRODUCTS_DIR; };
		D974C1FB255F6BC0FD4F84C5 /* Pods-ZIP_ios.release.xcconfig */ = {isa = PBXFileReference; includeInIndex = 1; lastKnownFileType = text.xcconfig; name = "Pods-ZIP_ios.release.xcconfig"; path = "Pods/Target Support Files/Pods-ZIP_ios/Pods-ZIP_ios.release.xcconfig"; sourceTree = "<group>"; };
		EB215403565A2292B2C24A2C /* Pods-ZIP_iosTests.release.xcconfig */ = {isa = PBXFileReference; includeInIndex = 1; lastKnownFileType = text.xcconfig; name = "Pods-ZIP_iosTests.release.xcconfig"; path = "Pods/Target Support Files/Pods-ZIP_iosTests/Pods-ZIP_iosTests.release.xcconfig"; sourceTree = "<group>"; };
		FB4C508F8A9A5C1DE80D8E10 /* Pods_ZIP_iosTests.framework */ = {isa = PBXFileReference; explicitFileType = wrapper.framework; includeInIndex = 0; path = Pods_ZIP_iosTests.framework; sourceTree = BUILT_PRODUCTS_DIR; };
/* End PBXFileReference section */

/* Begin PBXFrameworksBuildPhase section */
		0A7123641FACC01200512EB7 /* Frameworks */ = {
			isa = PBXFrameworksBuildPhase;
			buildActionMask = 2147483647;
			files = (
				BAB35871AF3A20A85A1D01CD /* Pods_ZIP_ios.framework in Frameworks */,
			);
			runOnlyForDeploymentPostprocessing = 0;
		};
		0A71237A1FACC01200512EB7 /* Frameworks */ = {
			isa = PBXFrameworksBuildPhase;
			buildActionMask = 2147483647;
			files = (
				59397C0A34F660FD927A0699 /* Pods_ZIP_iosTests.framework in Frameworks */,
			);
			runOnlyForDeploymentPostprocessing = 0;
		};
/* End PBXFrameworksBuildPhase section */

/* Begin PBXGroup section */
		0A09A8051FDD3F1900DC47A7 /* Views */ = {
			isa = PBXGroup;
			children = (
				B16B3DF12117E5BE001D278A /* SetProfile */,
				0A6C88AB1FEE3E51002019DE /* Cells */,
				0A09A8061FDD3F2D00DC47A7 /* MainHeaderView.swift */,
				0A1B11DA1FF1181D004B42B6 /* LoginView.swift */,
				0A6FEE7E1FF622A100A2D347 /* JoinView.swift */,
				0A0FDDF220387D250046E76F /* ProfileHeaderView.swift */,
				0AF2C01E20FB38E300775EA8 /* MenuHeaderView.swift */,
				0A90EBD12109F76D0057F1A9 /* TicketView.swift */,
				0A90EBD32109F7B10057F1A9 /* TicketView.xib */,
				B105599321100A1C00AC769C /* MatchHeaderView.swift */,
			);
			path = Views;
			sourceTree = "<group>";
		};
		0A0FDE2120398DA70046E76F /* Resources */ = {
			isa = PBXGroup;
			children = (
				B12001C1211300E800DFD676 /* launchlogo.png */,
				B1D4E51C20FDCA3800524CE2 /* godoRounded L.ttf */,
				B1D4E51D20FDCA3800524CE2 /* godoRounded R.ttf */,
				B1D4E51B20FDCA2C00524CE2 /* godoMaum.ttf */,
				B1D4E51A20FDCA2300524CE2 /* BMHANNA.otf */,
				B1D4E51920FDCA1F00524CE2 /* BMJUA.otf */,
				0A0FDE2520398DCF0046E76F /* NotoSans-Bold.otf */,
				0A0FDE2320398DCF0046E76F /* NotoSans-Light.otf */,
				0A0FDE2220398DCF0046E76F /* NotoSans-Medium.otf */,
				0A0FDE2420398DCF0046E76F /* NotoSans-Regular.otf */,
			);
			path = Resources;
			sourceTree = "<group>";
		};
		0A23C1F81FC05798005DCE32 /* Managers */ = {
			isa = PBXGroup;
			children = (
				0A23C1F91FC057A8005DCE32 /* AuthManager.swift */,
				0A1B11DC1FF12D02004B42B6 /* KeyChainManager.swift */,
				0A6FEE801FF629C600A2D347 /* EnumManager.swift */,
				0A9174D220272CEC000A055A /* JDStatusBarManager.swift */,
			);
			path = Managers;
			sourceTree = "<group>";
		};
		0A6C88AB1FEE3E51002019DE /* Cells */ = {
			isa = PBXGroup;
			children = (
				0A6C88AC1FEE3E66002019DE /* WriterCell.swift */,
				0A3D1D091FF0D33B009427B5 /* PlanCell.swift */,
				0A0F7A6F203556D000F72C2B /* MainCell.swift */,
				0AD3BC1020491F2C0051D7E3 /* CountryCell.swift */,
				B1D4E50F20F8968000524CE2 /* MainViewCell.swift */,
				0AF2C01620F8F16B00775EA8 /* MainViewCell.xib */,
				0A745664210C971C00F8A0C9 /* DestinationSearchCell.swift */,
				0A74567D210D87FF00F8A0C9 /* FriendsCell.swift */,
				B105598F210FED2500AC769C /* MatchCell.swift */,
				B16BD221211162AF0045FAA6 /* MyTripCell.swift */,
			);
			path = Cells;
			sourceTree = "<group>";
		};
		0A71235E1FACC01200512EB7 = {
			isa = PBXGroup;
			children = (
				0A7123691FACC01200512EB7 /* ZIP_ios */,
				0A7123801FACC01200512EB7 /* ZIP_iosTests */,
				0A7123681FACC01200512EB7 /* Products */,
				4C0AC53CC661F82D4132D91A /* Pods */,
				6204F1D1D8A1920CDD960A7B /* Frameworks */,
			);
			sourceTree = "<group>";
		};
		0A7123681FACC01200512EB7 /* Products */ = {
			isa = PBXGroup;
			children = (
				0A7123671FACC01200512EB7 /* ZIP_ios.app */,
				0A71237D1FACC01200512EB7 /* ZIP_iosTests.xctest */,
			);
			name = Products;
			sourceTree = "<group>";
		};
		0A7123691FACC01200512EB7 /* ZIP_ios */ = {
			isa = PBXGroup;
			children = (
				0A0FDE2120398DA70046E76F /* Resources */,
				0AFC96D21FB7281F003C6F8E /* ZIP_ios.entitlements */,
				0A71238C1FACC15600512EB7 /* Sources */,
				0A71236A1FACC01200512EB7 /* AppDelegate.swift */,
				0AA0361D1FDADBC6000D4451 /* ProxyController.swift */,
				0A71236C1FACC01200512EB7 /* art.scnassets */,
				0A7123701FACC01200512EB7 /* Main.storyboard */,
				0A7123731FACC01200512EB7 /* Assets.xcassets */,
				0A7123751FACC01200512EB7 /* LaunchScreen.storyboard */,
				0A7123781FACC01200512EB7 /* Info.plist */,
				0A409E2D1FB74161001FE583 /* GoogleService-Info.plist */,
				0A71239A1FACC24400512EB7 /* ZIP_ios-Bridging-Header.h */,
			);
			path = ZIP_ios;
			sourceTree = "<group>";
		};
		0A7123801FACC01200512EB7 /* ZIP_iosTests */ = {
			isa = PBXGroup;
			children = (
				0A7123811FACC01200512EB7 /* ZIP_iosTests.swift */,
				0A7123831FACC01200512EB7 /* Info.plist */,
			);
			path = ZIP_iosTests;
			sourceTree = "<group>";
		};
		0A71238C1FACC15600512EB7 /* Sources */ = {
			isa = PBXGroup;
			children = (
				0A9174CF2024AB6D000A055A /* Util */,
				0A23C1F81FC05798005DCE32 /* Managers */,
				0AE818D21FB1D2C90005F331 /* Extensions */,
				0A7123901FACC17700512EB7 /* ViewControllers */,
				0A09A8051FDD3F1900DC47A7 /* Views */,
				0A71238F1FACC17100512EB7 /* Network */,
				0A71238E1FACC16B00512EB7 /* ViewModel */,
				0A71238D1FACC16100512EB7 /* Model */,
			);
			path = Sources;
			sourceTree = "<group>";
		};
		0A71238D1FACC16100512EB7 /* Model */ = {
			isa = PBXGroup;
			children = (
				B16B3E012117F460001D278A /* SetProfile */,
				0A09A8031FDD3D3B00DC47A7 /* MainModel.swift */,
				0A059CAA1FEFB3B50057E26E /* PlanModel.swift */,
				0AD3BC12204A7B690051D7E3 /* CountryModel.swift */,
				B1D4E50920F8446400524CE2 /* ResultModel.swift */,
				B1D4E51120FC232900524CE2 /* JoinModel.swift */,
				0AF2C02220FE23BD00775EA8 /* TripModel.swift */,
				0A90EBCF2109E8420057F1A9 /* UserModel.swift */,
				0A74567B210D877E00F8A0C9 /* FriendsModel.swift */,
				0A745688210E04FC00F8A0C9 /* DestinationModel.swift */,
				B10559982110223300AC769C /* MatchTypeModel.swift */,
				0AAD748F21170FF700C860ED /* TripStyleModel.swift */,
			);
			path = Model;
			sourceTree = "<group>";
		};
		0A71238E1FACC16B00512EB7 /* ViewModel */ = {
			isa = PBXGroup;
			children = (
				B16B3DFE2117F428001D278A /* SetProfile */,
				B1055995211021E500AC769C /* Main */,
				0A745681210DFB5C00F8A0C9 /* RegisterTravel */,
				0A23C1F61FC04FE4005DCE32 /* WelcomeViewModel.swift */,
				0A09A8011FDD3CEF00DC47A7 /* MainViewModel.swift */,
				0A059CA81FEFB38F0057E26E /* PlanViewModel.swift */,
				0AD3BC16204A85E00051D7E3 /* CountryViewModel.swift */,
				0AF2C02420FE2AB600775EA8 /* TravelViewModel.swift */,
				B105597A210992EC00AC769C /* LoginVIewModel.swift */,
				0A745660210C773900F8A0C9 /* AreaViewModel.swift */,
				0A745679210D875F00F8A0C9 /* FriendsViewModel.swift */,
				0A74567F210DE0FC00F8A0C9 /* TravelResigerViewModel.swift */,
			);
			path = ViewModel;
			sourceTree = "<group>";
		};
		0A71238F1FACC17100512EB7 /* Network */ = {
			isa = PBXGroup;
			children = (
				0A7123A11FACC29A00512EB7 /* Targets.swift */,
			);
			path = Network;
			sourceTree = "<group>";
		};
		0A7123901FACC17700512EB7 /* ViewControllers */ = {
			isa = PBXGroup;
			children = (
				B16B3DF52117E6E3001D278A /* SetProfile */,
				0A74566A210CA9EE00F8A0C9 /* RegisterTravel */,
				0A7740AC20415B550096936E /* Plans */,
				B12001BF2112FD3300DFD676 /* PasswordForgetViewController.swift */,
				B1D4E51320FC6C3600524CE2 /* DefaultLoginViewController.swift */,
				0A7123911FACC1B600512EB7 /* LoginViewController.swift */,
				0A7123971FACC1FB00512EB7 /* JoinViewController.swift */,
				0A671AC120342C4C00034CE0 /* SetProfileViewController.swift */,
				0A7123951FACC1E900512EB7 /* MainTabBarController.swift */,
				B1D4E50D20F895EF00524CE2 /* MainViewController.swift */,
				0AF2C01820F9CA7300775EA8 /* MatchDetailTableViewController.swift */,
				B1D4E51520FDC83B00524CE2 /* FriendsViewController.swift */,
				0AD7E1471FC9DD7C008AE45C /* WriteViewController.swift */,
				0A09A7FF1FDD361B00DC47A7 /* MainViewController3.swift */,
				0A3C3FEC1FE7ECE6005FF52B /* ChatViewController.swift */,
				0A6C88A51FE9609D002019DE /* TravelViewController.swift */,
				0A9A0AFF1FF0E7FC004EA239 /* PlanFlowLayout.swift */,
				0A1B11D21FF101FF004B42B6 /* ConfigureViewController.swift */,
				0A9174CD20220124000A055A /* MockMessage.swift */,
				0AF2C01A20FB2D9600775EA8 /* LeftSideMenuViewController.swift */,
				B16BD21F211154930045FAA6 /* MyTripViewController.swift */,
			);
			path = ViewControllers;
			sourceTree = "<group>";
		};
		0A74566A210CA9EE00F8A0C9 /* RegisterTravel */ = {
			isa = PBXGroup;
			children = (
				B105597C2109C0E800AC769C /* CreateTripViewController.swift */,
				0A745668210CA37D00F8A0C9 /* PageViewController.swift */,
				0A74566B210CAA2300F8A0C9 /* SearchDestinationViewController.swift */,
				0A7E9CEC204300F40014D549 /* InsertPlanViewController.swift */,
				0A74566F210CD09600F8A0C9 /* InsertPeopleViewController.swift */,
				0A745690210EECDB00F8A0C9 /* RegisterViewController.swift */,
			);
			path = RegisterTravel;
			sourceTree = "<group>";
		};
		0A745681210DFB5C00F8A0C9 /* RegisterTravel */ = {
			isa = PBXGroup;
			children = (
				0A745682210DFB7800F8A0C9 /* CreateTravelViewModel.swift */,
				0A745684210E013900F8A0C9 /* SearchDestinationViewModel.swift */,
				0A745686210E04C600F8A0C9 /* SearchDestTVModel.swift */,
			);
			path = RegisterTravel;
			sourceTree = "<group>";
		};
		0A7740AC20415B550096936E /* Plans */ = {
			isa = PBXGroup;
			children = (
				0A7740AA20415A3F0096936E /* PlanPageController.swift */,
				0A6C88AE1FEE82AA002019DE /* PlanViewController.swift */,
				0AD3BC18204BEBBB0051D7E3 /* DetailCategoryViewController.swift */,
			);
			path = Plans;
			sourceTree = "<group>";
		};
		0A9174CF2024AB6D000A055A /* Util */ = {
			isa = PBXGroup;
			children = (
				0A9174D02024AB85000A055A /* DataBase.swift */,
				B1D4E50B20F84B2E00524CE2 /* LoginUtil.swift */,
				B105597821096E9D00AC769C /* MoyaErrorUtil.swift */,
				B16B3DF82117E782001D278A /* InitUtil.swift */,
			);
			path = Util;
			sourceTree = "<group>";
		};
		0AE818D21FB1D2C90005F331 /* Extensions */ = {
			isa = PBXGroup;
			children = (
				0A4AC70A1FB1D24200F9FE85 /* UIImageView+Extension.swift */,
				0A23C1FB1FC05ACA005DCE32 /* ObservableType+Extension.swift */,
				0A3C3FEA1FE7E938005FF52B /* UIImage+Extension.swift */,
				0A9A0B011FF0FFCE004EA239 /* UIView+Extension.swift */,
				0A671AC320345CC400034CE0 /* UserDefault+Extension.swift */,
				0A0FDE1B203988CC0046E76F /* UIFont+Extension.swift */,
				0A745666210C98ED00F8A0C9 /* UITextField + Extension.swift */,
				0A74568C210E132B00F8A0C9 /* String + Extension.swift */,
				0A74568E210EE12200F8A0C9 /* UIViewController + Extension.swift */,
			);
			path = Extensions;
			sourceTree = "<group>";
		};
		0AF2C0282104C8D200775EA8 /* rows */ = {
			isa = PBXGroup;
			children = (
				0AF2C0292104C8E500775EA8 /* TagRow.swift */,
				B12001C32113E40C00DFD676 /* JVFloatTextRow.swift */,
				B16B3DEE211444C3001D278A /* NicknameRow.swift */,
				0AAD74862114B06100C860ED /* PresenterRow.swift */,
			);
			path = rows;
			sourceTree = "<group>";
		};
		4C0AC53CC661F82D4132D91A /* Pods */ = {
			isa = PBXGroup;
			children = (
				7B9C4226FE4FE2EB23EB73C6 /* Pods-ZIP_ios.debug.xcconfig */,
				D974C1FB255F6BC0FD4F84C5 /* Pods-ZIP_ios.release.xcconfig */,
				BBBA05947428AB4BFEF7859A /* Pods-ZIP_iosTests.debug.xcconfig */,
				EB215403565A2292B2C24A2C /* Pods-ZIP_iosTests.release.xcconfig */,
			);
			name = Pods;
			sourceTree = "<group>";
		};
		6204F1D1D8A1920CDD960A7B /* Frameworks */ = {
			isa = PBXGroup;
			children = (
				D390024D23B8B0D863AC780D /* Pods_ZIP_ios.framework */,
				FB4C508F8A9A5C1DE80D8E10 /* Pods_ZIP_iosTests.framework */,
			);
			name = Frameworks;
			sourceTree = "<group>";
		};
		B1055995211021E500AC769C /* Main */ = {
			isa = PBXGroup;
			children = (
				B1055996211021F300AC769C /* MatchViewModel.swift */,
			);
			path = Main;
			sourceTree = "<group>";
		};
		B16B3DF12117E5BE001D278A /* SetProfile */ = {
			isa = PBXGroup;
			children = (
				B16B3DF32117E5EF001D278A /* views */,
				B16B3DF22117E5D9001D278A /* cells */,
				0AF2C0282104C8D200775EA8 /* rows */,
			);
			path = SetProfile;
			sourceTree = "<group>";
		};
		B16B3DF22117E5D9001D278A /* cells */ = {
			isa = PBXGroup;
			children = (
				0AAD7489211708B900C860ED /* TripStyleCell.swift */,
				B16B3DFC2117F3B3001D278A /* InterestCell.swift */,
				B1EF955C21193EAA00F6418F /* CharacterCell.swift */,
			);
			path = cells;
			sourceTree = "<group>";
		};
		B16B3DF32117E5EF001D278A /* views */ = {
			isa = PBXGroup;
			children = (
				0AAD748B21170AA500C860ED /* TripStyleHeaderView.swift */,
				B1EF95682119902D00F6418F /* TripStyleFooterView.swift */,
				B1C4FFA42118204200535FB1 /* InterestAddView.swift */,
				B1EF95622119450F00F6418F /* CharacterHeaderView.swift */,
				B1EF95662119685000F6418F /* CharacterFooterView.swift */,
			);
			path = views;
			sourceTree = "<group>";
		};
		B16B3DF52117E6E3001D278A /* SetProfile */ = {
			isa = PBXGroup;
			children = (
				B16B3DF62117E6F0001D278A /* TripStyleViewController.swift */,
				B16B3DFA2117E7E2001D278A /* InterestViewController.swift */,
				B1C4FFA62118315100535FB1 /* CharacterViewController.swift */,
			);
			path = SetProfile;
			sourceTree = "<group>";
		};
		B16B3DFE2117F428001D278A /* SetProfile */ = {
			isa = PBXGroup;
			children = (
				0AAD74912117103000C860ED /* TripStyleViewModel.swift */,
				B16B3DFF2117F445001D278A /* InterestViewModel.swift */,
				B1EF955E21193FB900F6418F /* CharacterViewModel.swift */,
				B1EF95642119481700F6418F /* ProfileViewModel.swift */,
			);
			path = SetProfile;
			sourceTree = "<group>";
		};
		B16B3E012117F460001D278A /* SetProfile */ = {
			isa = PBXGroup;
			children = (
				B16B3E022117F46B001D278A /* InterestModel.swift */,
				B1EF956021193FC500F6418F /* CharacterModel.swift */,
			);
			path = SetProfile;
			sourceTree = "<group>";
		};
/* End PBXGroup section */

/* Begin PBXNativeTarget section */
		0A7123661FACC01200512EB7 /* ZIP_ios */ = {
			isa = PBXNativeTarget;
			buildConfigurationList = 0A7123861FACC01200512EB7 /* Build configuration list for PBXNativeTarget "ZIP_ios" */;
			buildPhases = (
				308F9878E1386914F0965357 /* [CP] Check Pods Manifest.lock */,
				0A7123631FACC01200512EB7 /* Sources */,
				0A7123641FACC01200512EB7 /* Frameworks */,
				0A7123651FACC01200512EB7 /* Resources */,
				C36BB5C74B6451D1D6074865 /* [CP] Embed Pods Frameworks */,
				F6AA2895D0F562C38BD71649 /* [CP] Copy Pods Resources */,
			);
			buildRules = (
			);
			dependencies = (
			);
			name = ZIP_ios;
			productName = ZIP_ios;
			productReference = 0A7123671FACC01200512EB7 /* ZIP_ios.app */;
			productType = "com.apple.product-type.application";
		};
		0A71237C1FACC01200512EB7 /* ZIP_iosTests */ = {
			isa = PBXNativeTarget;
			buildConfigurationList = 0A7123891FACC01200512EB7 /* Build configuration list for PBXNativeTarget "ZIP_iosTests" */;
			buildPhases = (
				0894525E2471400DB7CA819F /* [CP] Check Pods Manifest.lock */,
				0A7123791FACC01200512EB7 /* Sources */,
				0A71237A1FACC01200512EB7 /* Frameworks */,
				0A71237B1FACC01200512EB7 /* Resources */,
			);
			buildRules = (
			);
			dependencies = (
				0A71237F1FACC01200512EB7 /* PBXTargetDependency */,
			);
			name = ZIP_iosTests;
			productName = ZIP_iosTests;
			productReference = 0A71237D1FACC01200512EB7 /* ZIP_iosTests.xctest */;
			productType = "com.apple.product-type.bundle.unit-test";
		};
/* End PBXNativeTarget section */

/* Begin PBXProject section */
		0A71235F1FACC01200512EB7 /* Project object */ = {
			isa = PBXProject;
			attributes = {
				LastSwiftUpdateCheck = 0910;
				LastUpgradeCheck = 0910;
				ORGANIZATIONNAME = "park bumwoo";
				TargetAttributes = {
					0A7123661FACC01200512EB7 = {
						CreatedOnToolsVersion = 9.1;
						LastSwiftMigration = 0910;
						ProvisioningStyle = Automatic;
						SystemCapabilities = {
							com.apple.BackgroundModes = {
								enabled = 1;
							};
							com.apple.Keychain = {
								enabled = 1;
							};
							com.apple.Push = {
								enabled = 1;
							};
						};
					};
					0A71237C1FACC01200512EB7 = {
						CreatedOnToolsVersion = 9.1;
						ProvisioningStyle = Automatic;
						TestTargetID = 0A7123661FACC01200512EB7;
					};
				};
			};
			buildConfigurationList = 0A7123621FACC01200512EB7 /* Build configuration list for PBXProject "ZIP_ios" */;
			compatibilityVersion = "Xcode 8.0";
			developmentRegion = en;
			hasScannedForEncodings = 0;
			knownRegions = (
				en,
				Base,
			);
			mainGroup = 0A71235E1FACC01200512EB7;
			productRefGroup = 0A7123681FACC01200512EB7 /* Products */;
			projectDirPath = "";
			projectRoot = "";
			targets = (
				0A7123661FACC01200512EB7 /* ZIP_ios */,
				0A71237C1FACC01200512EB7 /* ZIP_iosTests */,
			);
		};
/* End PBXProject section */

/* Begin PBXResourcesBuildPhase section */
		0A7123651FACC01200512EB7 /* Resources */ = {
			isa = PBXResourcesBuildPhase;
			buildActionMask = 2147483647;
			files = (
				B1D4E51E20FDCBB200524CE2 /* godoRounded L.ttf in Resources */,
				B1D4E51F20FDCBB200524CE2 /* godoRounded R.ttf in Resources */,
				B1D4E52020FDCBB200524CE2 /* godoMaum.ttf in Resources */,
				B1D4E52120FDCBB200524CE2 /* BMHANNA.otf in Resources */,
				B1D4E52220FDCBB200524CE2 /* BMJUA.otf in Resources */,
				0A71236D1FACC01200512EB7 /* art.scnassets in Resources */,
				0A7123771FACC01200512EB7 /* LaunchScreen.storyboard in Resources */,
				0A409E2E1FB74161001FE583 /* GoogleService-Info.plist in Resources */,
				0A0FDE2620398E550046E76F /* NotoSans-Bold.otf in Resources */,
				0A0FDE2720398E580046E76F /* NotoSans-Light.otf in Resources */,
				B12001C2211300E800DFD676 /* launchlogo.png in Resources */,
				0A0FDE2920398E5E0046E76F /* NotoSans-Regular.otf in Resources */,
				0A0FDE2820398E5A0046E76F /* NotoSans-Medium.otf in Resources */,
				0A7123741FACC01200512EB7 /* Assets.xcassets in Resources */,
				0A7123721FACC01200512EB7 /* Main.storyboard in Resources */,
				0A90EBD42109F7B10057F1A9 /* TicketView.xib in Resources */,
				0AF2C01720F8F16C00775EA8 /* MainViewCell.xib in Resources */,
			);
			runOnlyForDeploymentPostprocessing = 0;
		};
		0A71237B1FACC01200512EB7 /* Resources */ = {
			isa = PBXResourcesBuildPhase;
			buildActionMask = 2147483647;
			files = (
			);
			runOnlyForDeploymentPostprocessing = 0;
		};
/* End PBXResourcesBuildPhase section */

/* Begin PBXShellScriptBuildPhase section */
		0894525E2471400DB7CA819F /* [CP] Check Pods Manifest.lock */ = {
			isa = PBXShellScriptBuildPhase;
			buildActionMask = 2147483647;
			files = (
			);
			inputPaths = (
				"${PODS_PODFILE_DIR_PATH}/Podfile.lock",
				"${PODS_ROOT}/Manifest.lock",
			);
			name = "[CP] Check Pods Manifest.lock";
			outputPaths = (
				"$(DERIVED_FILE_DIR)/Pods-ZIP_iosTests-checkManifestLockResult.txt",
			);
			runOnlyForDeploymentPostprocessing = 0;
			shellPath = /bin/sh;
			shellScript = "diff \"${PODS_PODFILE_DIR_PATH}/Podfile.lock\" \"${PODS_ROOT}/Manifest.lock\" > /dev/null\nif [ $? != 0 ] ; then\n    # print error to STDERR\n    echo \"error: The sandbox is not in sync with the Podfile.lock. Run 'pod install' or update your CocoaPods installation.\" >&2\n    exit 1\nfi\n# This output is used by Xcode 'outputs' to avoid re-running this script phase.\necho \"SUCCESS\" > \"${SCRIPT_OUTPUT_FILE_0}\"\n";
			showEnvVarsInLog = 0;
		};
		308F9878E1386914F0965357 /* [CP] Check Pods Manifest.lock */ = {
			isa = PBXShellScriptBuildPhase;
			buildActionMask = 2147483647;
			files = (
			);
			inputPaths = (
				"${PODS_PODFILE_DIR_PATH}/Podfile.lock",
				"${PODS_ROOT}/Manifest.lock",
			);
			name = "[CP] Check Pods Manifest.lock";
			outputPaths = (
				"$(DERIVED_FILE_DIR)/Pods-ZIP_ios-checkManifestLockResult.txt",
			);
			runOnlyForDeploymentPostprocessing = 0;
			shellPath = /bin/sh;
			shellScript = "diff \"${PODS_PODFILE_DIR_PATH}/Podfile.lock\" \"${PODS_ROOT}/Manifest.lock\" > /dev/null\nif [ $? != 0 ] ; then\n    # print error to STDERR\n    echo \"error: The sandbox is not in sync with the Podfile.lock. Run 'pod install' or update your CocoaPods installation.\" >&2\n    exit 1\nfi\n# This output is used by Xcode 'outputs' to avoid re-running this script phase.\necho \"SUCCESS\" > \"${SCRIPT_OUTPUT_FILE_0}\"\n";
			showEnvVarsInLog = 0;
		};
		C36BB5C74B6451D1D6074865 /* [CP] Embed Pods Frameworks */ = {
			isa = PBXShellScriptBuildPhase;
			buildActionMask = 2147483647;
			files = (
			);
			inputPaths = (
				"${SRCROOT}/Pods/Target Support Files/Pods-ZIP_ios/Pods-ZIP_ios-frameworks.sh",
				"${BUILT_PRODUCTS_DIR}/Alamofire/Alamofire.framework",
				"${BUILT_PRODUCTS_DIR}/Bolts/Bolts.framework",
				"${BUILT_PRODUCTS_DIR}/CryptoSwift/CryptoSwift.framework",
				"${BUILT_PRODUCTS_DIR}/DZNEmptyDataSet/DZNEmptyDataSet.framework",
				"${BUILT_PRODUCTS_DIR}/Differentiator/Differentiator.framework",
				"${BUILT_PRODUCTS_DIR}/DropDown/DropDown.framework",
				"${BUILT_PRODUCTS_DIR}/DynamicBlurView/DynamicBlurView.framework",
				"${BUILT_PRODUCTS_DIR}/Eureka/Eureka.framework",
				"${BUILT_PRODUCTS_DIR}/FBSDKCoreKit/FBSDKCoreKit.framework",
				"${BUILT_PRODUCTS_DIR}/FBSDKLoginKit/FBSDKLoginKit.framework",
				"${BUILT_PRODUCTS_DIR}/FBSDKShareKit/FBSDKShareKit.framework",
				"${BUILT_PRODUCTS_DIR}/FSPagerView/FSPagerView.framework",
				"${BUILT_PRODUCTS_DIR}/Floaty/Floaty.framework",
				"${BUILT_PRODUCTS_DIR}/GTMSessionFetcher/GTMSessionFetcher.framework",
				"${BUILT_PRODUCTS_DIR}/GoogleToolboxForMac/GoogleToolboxForMac.framework",
				"${BUILT_PRODUCTS_DIR}/HGPlaceholders/HGPlaceholders.framework",
				"${BUILT_PRODUCTS_DIR}/Hero/Hero.framework",
				"${BUILT_PRODUCTS_DIR}/Hue/Hue.framework",
				"${BUILT_PRODUCTS_DIR}/JDStatusBarNotification/JDStatusBarNotification.framework",
				"${BUILT_PRODUCTS_DIR}/JTAppleCalendar/JTAppleCalendar.framework",
				"${BUILT_PRODUCTS_DIR}/JVFloatLabeledTextField/JVFloatLabeledTextField.framework",
				"${BUILT_PRODUCTS_DIR}/Kingfisher/Kingfisher.framework",
				"${BUILT_PRODUCTS_DIR}/LGButton/LGButton.framework",
				"${BUILT_PRODUCTS_DIR}/LTMorphingLabel/LTMorphingLabel.framework",
				"${BUILT_PRODUCTS_DIR}/MessageKit/MessageKit.framework",
				"${BUILT_PRODUCTS_DIR}/Moya/Moya.framework",
				"${BUILT_PRODUCTS_DIR}/PhoneNumberKit/PhoneNumberKit.framework",
				"${BUILT_PRODUCTS_DIR}/PopupDialog/PopupDialog.framework",
				"${BUILT_PRODUCTS_DIR}/Protobuf/Protobuf.framework",
				"${BUILT_PRODUCTS_DIR}/PySwiftyRegex/PySwiftyRegex.framework",
				"${BUILT_PRODUCTS_DIR}/ReachabilitySwift/Reachability.framework",
				"${BUILT_PRODUCTS_DIR}/Result/Result.framework",
				"${BUILT_PRODUCTS_DIR}/RxCocoa/RxCocoa.framework",
				"${BUILT_PRODUCTS_DIR}/RxDataSources/RxDataSources.framework",
				"${BUILT_PRODUCTS_DIR}/RxGesture/RxGesture.framework",
				"${BUILT_PRODUCTS_DIR}/RxKeyboard/RxKeyboard.framework",
				"${BUILT_PRODUCTS_DIR}/RxOptional/RxOptional.framework",
				"${BUILT_PRODUCTS_DIR}/RxSwift/RxSwift.framework",
				"${BUILT_PRODUCTS_DIR}/RxSwiftExt/RxSwiftExt.framework",
				"${BUILT_PRODUCTS_DIR}/SQLite.swift/SQLite.framework",
				"${BUILT_PRODUCTS_DIR}/SideMenu/SideMenu.framework",
				"${BUILT_PRODUCTS_DIR}/SkyFloatingLabelTextField/SkyFloatingLabelTextField.framework",
				"${BUILT_PRODUCTS_DIR}/SnapKit/SnapKit.framework",
				"${BUILT_PRODUCTS_DIR}/Spring/Spring.framework",
				"${BUILT_PRODUCTS_DIR}/SwiftDate/SwiftDate.framework",
				"${BUILT_PRODUCTS_DIR}/SwiftyBeaver/SwiftyBeaver.framework",
				"${BUILT_PRODUCTS_DIR}/SwiftyImage/SwiftyImage.framework",
				"${BUILT_PRODUCTS_DIR}/SwiftyJSON/SwiftyJSON.framework",
				"${BUILT_PRODUCTS_DIR}/SwiftyUserDefaults/SwiftyUserDefaults.framework",
				"${BUILT_PRODUCTS_DIR}/TLPhotoPicker/TLPhotoPicker.framework",
				"${BUILT_PRODUCTS_DIR}/TTTAttributedLabel/TTTAttributedLabel.framework",
				"${BUILT_PRODUCTS_DIR}/TagListView/TagListView.framework",
				"${BUILT_PRODUCTS_DIR}/expanding-collection/expanding_collection.framework",
				"${BUILT_PRODUCTS_DIR}/nanopb/nanopb.framework",
			);
			name = "[CP] Embed Pods Frameworks";
			outputPaths = (
				"${TARGET_BUILD_DIR}/${FRAMEWORKS_FOLDER_PATH}/Alamofire.framework",
				"${TARGET_BUILD_DIR}/${FRAMEWORKS_FOLDER_PATH}/Bolts.framework",
				"${TARGET_BUILD_DIR}/${FRAMEWORKS_FOLDER_PATH}/CryptoSwift.framework",
				"${TARGET_BUILD_DIR}/${FRAMEWORKS_FOLDER_PATH}/DZNEmptyDataSet.framework",
				"${TARGET_BUILD_DIR}/${FRAMEWORKS_FOLDER_PATH}/Differentiator.framework",
				"${TARGET_BUILD_DIR}/${FRAMEWORKS_FOLDER_PATH}/DropDown.framework",
				"${TARGET_BUILD_DIR}/${FRAMEWORKS_FOLDER_PATH}/DynamicBlurView.framework",
				"${TARGET_BUILD_DIR}/${FRAMEWORKS_FOLDER_PATH}/Eureka.framework",
				"${TARGET_BUILD_DIR}/${FRAMEWORKS_FOLDER_PATH}/FBSDKCoreKit.framework",
				"${TARGET_BUILD_DIR}/${FRAMEWORKS_FOLDER_PATH}/FBSDKLoginKit.framework",
				"${TARGET_BUILD_DIR}/${FRAMEWORKS_FOLDER_PATH}/FBSDKShareKit.framework",
				"${TARGET_BUILD_DIR}/${FRAMEWORKS_FOLDER_PATH}/FSPagerView.framework",
				"${TARGET_BUILD_DIR}/${FRAMEWORKS_FOLDER_PATH}/Floaty.framework",
				"${TARGET_BUILD_DIR}/${FRAMEWORKS_FOLDER_PATH}/GTMSessionFetcher.framework",
				"${TARGET_BUILD_DIR}/${FRAMEWORKS_FOLDER_PATH}/GoogleToolboxForMac.framework",
				"${TARGET_BUILD_DIR}/${FRAMEWORKS_FOLDER_PATH}/HGPlaceholders.framework",
				"${TARGET_BUILD_DIR}/${FRAMEWORKS_FOLDER_PATH}/Hero.framework",
				"${TARGET_BUILD_DIR}/${FRAMEWORKS_FOLDER_PATH}/Hue.framework",
				"${TARGET_BUILD_DIR}/${FRAMEWORKS_FOLDER_PATH}/JDStatusBarNotification.framework",
				"${TARGET_BUILD_DIR}/${FRAMEWORKS_FOLDER_PATH}/JTAppleCalendar.framework",
				"${TARGET_BUILD_DIR}/${FRAMEWORKS_FOLDER_PATH}/JVFloatLabeledTextField.framework",
				"${TARGET_BUILD_DIR}/${FRAMEWORKS_FOLDER_PATH}/Kingfisher.framework",
				"${TARGET_BUILD_DIR}/${FRAMEWORKS_FOLDER_PATH}/LGButton.framework",
				"${TARGET_BUILD_DIR}/${FRAMEWORKS_FOLDER_PATH}/LTMorphingLabel.framework",
				"${TARGET_BUILD_DIR}/${FRAMEWORKS_FOLDER_PATH}/MessageKit.framework",
				"${TARGET_BUILD_DIR}/${FRAMEWORKS_FOLDER_PATH}/Moya.framework",
				"${TARGET_BUILD_DIR}/${FRAMEWORKS_FOLDER_PATH}/PhoneNumberKit.framework",
				"${TARGET_BUILD_DIR}/${FRAMEWORKS_FOLDER_PATH}/PopupDialog.framework",
				"${TARGET_BUILD_DIR}/${FRAMEWORKS_FOLDER_PATH}/Protobuf.framework",
				"${TARGET_BUILD_DIR}/${FRAMEWORKS_FOLDER_PATH}/PySwiftyRegex.framework",
				"${TARGET_BUILD_DIR}/${FRAMEWORKS_FOLDER_PATH}/Reachability.framework",
				"${TARGET_BUILD_DIR}/${FRAMEWORKS_FOLDER_PATH}/Result.framework",
				"${TARGET_BUILD_DIR}/${FRAMEWORKS_FOLDER_PATH}/RxCocoa.framework",
				"${TARGET_BUILD_DIR}/${FRAMEWORKS_FOLDER_PATH}/RxDataSources.framework",
				"${TARGET_BUILD_DIR}/${FRAMEWORKS_FOLDER_PATH}/RxGesture.framework",
				"${TARGET_BUILD_DIR}/${FRAMEWORKS_FOLDER_PATH}/RxKeyboard.framework",
				"${TARGET_BUILD_DIR}/${FRAMEWORKS_FOLDER_PATH}/RxOptional.framework",
				"${TARGET_BUILD_DIR}/${FRAMEWORKS_FOLDER_PATH}/RxSwift.framework",
				"${TARGET_BUILD_DIR}/${FRAMEWORKS_FOLDER_PATH}/RxSwiftExt.framework",
				"${TARGET_BUILD_DIR}/${FRAMEWORKS_FOLDER_PATH}/SQLite.framework",
				"${TARGET_BUILD_DIR}/${FRAMEWORKS_FOLDER_PATH}/SideMenu.framework",
				"${TARGET_BUILD_DIR}/${FRAMEWORKS_FOLDER_PATH}/SkyFloatingLabelTextField.framework",
				"${TARGET_BUILD_DIR}/${FRAMEWORKS_FOLDER_PATH}/SnapKit.framework",
				"${TARGET_BUILD_DIR}/${FRAMEWORKS_FOLDER_PATH}/Spring.framework",
				"${TARGET_BUILD_DIR}/${FRAMEWORKS_FOLDER_PATH}/SwiftDate.framework",
				"${TARGET_BUILD_DIR}/${FRAMEWORKS_FOLDER_PATH}/SwiftyBeaver.framework",
				"${TARGET_BUILD_DIR}/${FRAMEWORKS_FOLDER_PATH}/SwiftyImage.framework",
				"${TARGET_BUILD_DIR}/${FRAMEWORKS_FOLDER_PATH}/SwiftyJSON.framework",
				"${TARGET_BUILD_DIR}/${FRAMEWORKS_FOLDER_PATH}/SwiftyUserDefaults.framework",
				"${TARGET_BUILD_DIR}/${FRAMEWORKS_FOLDER_PATH}/TLPhotoPicker.framework",
				"${TARGET_BUILD_DIR}/${FRAMEWORKS_FOLDER_PATH}/TTTAttributedLabel.framework",
				"${TARGET_BUILD_DIR}/${FRAMEWORKS_FOLDER_PATH}/TagListView.framework",
				"${TARGET_BUILD_DIR}/${FRAMEWORKS_FOLDER_PATH}/expanding_collection.framework",
				"${TARGET_BUILD_DIR}/${FRAMEWORKS_FOLDER_PATH}/nanopb.framework",
			);
			runOnlyForDeploymentPostprocessing = 0;
			shellPath = /bin/sh;
			shellScript = "\"${SRCROOT}/Pods/Target Support Files/Pods-ZIP_ios/Pods-ZIP_ios-frameworks.sh\"\n";
			showEnvVarsInLog = 0;
		};
		F6AA2895D0F562C38BD71649 /* [CP] Copy Pods Resources */ = {
			isa = PBXShellScriptBuildPhase;
			buildActionMask = 2147483647;
			files = (
			);
			inputPaths = (
				"${SRCROOT}/Pods/Target Support Files/Pods-ZIP_ios/Pods-ZIP_ios-resources.sh",
				"${PODS_ROOT}/GoogleMaps/Maps/Frameworks/GoogleMaps.framework/Resources/GoogleMaps.bundle",
				"${PODS_ROOT}/GooglePlaces/Frameworks/GooglePlaces.framework/Resources/GooglePlaces.bundle",
			);
			name = "[CP] Copy Pods Resources";
			outputPaths = (
				"${TARGET_BUILD_DIR}/${UNLOCALIZED_RESOURCES_FOLDER_PATH}/GoogleMaps.bundle",
				"${TARGET_BUILD_DIR}/${UNLOCALIZED_RESOURCES_FOLDER_PATH}/GooglePlaces.bundle",
			);
			runOnlyForDeploymentPostprocessing = 0;
			shellPath = /bin/sh;
			shellScript = "\"${SRCROOT}/Pods/Target Support Files/Pods-ZIP_ios/Pods-ZIP_ios-resources.sh\"\n";
			showEnvVarsInLog = 0;
		};
/* End PBXShellScriptBuildPhase section */

/* Begin PBXSourcesBuildPhase section */
		0A7123631FACC01200512EB7 /* Sources */ = {
			isa = PBXSourcesBuildPhase;
			buildActionMask = 2147483647;
			files = (
				0A745691210EECDB00F8A0C9 /* RegisterViewController.swift in Sources */,
				B1EF95672119685000F6418F /* CharacterFooterView.swift in Sources */,
				B105597921096E9D00AC769C /* MoyaErrorUtil.swift in Sources */,
				0AD3BC13204A7B690051D7E3 /* CountryModel.swift in Sources */,
				B16B3DFB2117E7E2001D278A /* InterestViewController.swift in Sources */,
				B16B3DEF211444C3001D278A /* NicknameRow.swift in Sources */,
				0A3D1D0A1FF0D33B009427B5 /* PlanCell.swift in Sources */,
				B1C4FFA72118315100535FB1 /* CharacterViewController.swift in Sources */,
				0A745683210DFB7800F8A0C9 /* CreateTravelViewModel.swift in Sources */,
				0A0F7A70203556D000F72C2B /* MainCell.swift in Sources */,
				0A1B11D31FF101FF004B42B6 /* ConfigureViewController.swift in Sources */,
				0A09A8071FDD3F2D00DC47A7 /* MainHeaderView.swift in Sources */,
				0A9174D320272CEC000A055A /* JDStatusBarManager.swift in Sources */,
				0A4AC70B1FB1D24200F9FE85 /* UIImageView+Extension.swift in Sources */,
				B1EF95692119902D00F6418F /* TripStyleFooterView.swift in Sources */,
				0A1B11DD1FF12D02004B42B6 /* KeyChainManager.swift in Sources */,
				0A745685210E013900F8A0C9 /* SearchDestinationViewModel.swift in Sources */,
				B1EF95632119450F00F6418F /* CharacterHeaderView.swift in Sources */,
				0A74567C210D877E00F8A0C9 /* FriendsModel.swift in Sources */,
				B1D4E51420FC6C3600524CE2 /* DefaultLoginViewController.swift in Sources */,
				0A7740AB20415A3F0096936E /* PlanPageController.swift in Sources */,
				B10559992110223300AC769C /* MatchTypeModel.swift in Sources */,
				B1055997211021F300AC769C /* MatchViewModel.swift in Sources */,
				0A23C1FC1FC05ACA005DCE32 /* ObservableType+Extension.swift in Sources */,
				0A1B11DB1FF1181D004B42B6 /* LoginView.swift in Sources */,
				B105599421100A1C00AC769C /* MatchHeaderView.swift in Sources */,
				0A23C1FA1FC057A8005DCE32 /* AuthManager.swift in Sources */,
				B16B3DFD2117F3B3001D278A /* InterestCell.swift in Sources */,
				0A7123921FACC1B600512EB7 /* LoginViewController.swift in Sources */,
				0A74568D210E132B00F8A0C9 /* String + Extension.swift in Sources */,
				B105597B210992EC00AC769C /* LoginVIewModel.swift in Sources */,
				0AAD748C21170AA500C860ED /* TripStyleHeaderView.swift in Sources */,
				0A74566C210CAA2300F8A0C9 /* SearchDestinationViewController.swift in Sources */,
				0AF2C02320FE23BD00775EA8 /* TripModel.swift in Sources */,
				B12001C02112FD3300DFD676 /* PasswordForgetViewController.swift in Sources */,
				0A23C1F71FC04FE4005DCE32 /* WelcomeViewModel.swift in Sources */,
				0A6C88AF1FEE82AA002019DE /* PlanViewController.swift in Sources */,
				0A09A8041FDD3D3B00DC47A7 /* MainModel.swift in Sources */,
				B1D4E51220FC232900524CE2 /* JoinModel.swift in Sources */,
				0A74568F210EE12200F8A0C9 /* UIViewController + Extension.swift in Sources */,
				B1C4FFA52118204200535FB1 /* InterestAddView.swift in Sources */,
				0AF2C01B20FB2D9600775EA8 /* LeftSideMenuViewController.swift in Sources */,
				0AF2C01F20FB38E300775EA8 /* MenuHeaderView.swift in Sources */,
				0A09A8001FDD361B00DC47A7 /* MainViewController3.swift in Sources */,
				0AF2C02A2104C8E500775EA8 /* TagRow.swift in Sources */,
				B16BD220211154930045FAA6 /* MyTripViewController.swift in Sources */,
				0A671AC420345CC400034CE0 /* UserDefault+Extension.swift in Sources */,
				0AD3BC17204A85E00051D7E3 /* CountryViewModel.swift in Sources */,
				0A74567A210D875F00F8A0C9 /* FriendsViewModel.swift in Sources */,
				0A745670210CD09600F8A0C9 /* InsertPeopleViewController.swift in Sources */,
				0A745687210E04C600F8A0C9 /* SearchDestTVModel.swift in Sources */,
				0AF2C01920F9CA7300775EA8 /* MatchDetailTableViewController.swift in Sources */,
				0A745665210C971C00F8A0C9 /* DestinationSearchCell.swift in Sources */,
				0AAD749021170FF700C860ED /* TripStyleModel.swift in Sources */,
				0A6C88A61FE9609D002019DE /* TravelViewController.swift in Sources */,
				B1D4E50E20F895EF00524CE2 /* MainViewController.swift in Sources */,
				0A7E9CED204300F40014D549 /* InsertPlanViewController.swift in Sources */,
				0A9174CE20220124000A055A /* MockMessage.swift in Sources */,
				0A9174D12024AB85000A055A /* DataBase.swift in Sources */,
				0A74567E210D87FF00F8A0C9 /* FriendsCell.swift in Sources */,
				B16B3E032117F46B001D278A /* InterestModel.swift in Sources */,
				0AD3BC1120491F2C0051D7E3 /* CountryCell.swift in Sources */,
				0A9A0B021FF0FFCE004EA239 /* UIView+Extension.swift in Sources */,
				B1EF955F21193FB900F6418F /* CharacterViewModel.swift in Sources */,
				0A745689210E04FC00F8A0C9 /* DestinationModel.swift in Sources */,
				B105597D2109C0E800AC769C /* CreateTripViewController.swift in Sources */,
				0AA0361E1FDADBC6000D4451 /* ProxyController.swift in Sources */,
				0AAD74872114B06100C860ED /* PresenterRow.swift in Sources */,
				B1D4E51620FDC83B00524CE2 /* FriendsViewController.swift in Sources */,
				0A745680210DE0FC00F8A0C9 /* TravelResigerViewModel.swift in Sources */,
				0A059CA91FEFB38F0057E26E /* PlanViewModel.swift in Sources */,
				0A745667210C98ED00F8A0C9 /* UITextField + Extension.swift in Sources */,
				0A6FEE7F1FF622A100A2D347 /* JoinView.swift in Sources */,
				0A6C88AD1FEE3E66002019DE /* WriterCell.swift in Sources */,
				B16B3E002117F445001D278A /* InterestViewModel.swift in Sources */,
				0A90EBD22109F76D0057F1A9 /* TicketView.swift in Sources */,
				0A059CAB1FEFB3B50057E26E /* PlanModel.swift in Sources */,
				B16BD222211162AF0045FAA6 /* MyTripCell.swift in Sources */,
				0A90EBD02109E8420057F1A9 /* UserModel.swift in Sources */,
				0A7123961FACC1E900512EB7 /* MainTabBarController.swift in Sources */,
				B12001C42113E40C00DFD676 /* JVFloatTextRow.swift in Sources */,
				0A7123A21FACC29A00512EB7 /* Targets.swift in Sources */,
				0AAD748A211708B900C860ED /* TripStyleCell.swift in Sources */,
				0A9A0B001FF0E7FC004EA239 /* PlanFlowLayout.swift in Sources */,
				B1D4E50C20F84B2E00524CE2 /* LoginUtil.swift in Sources */,
				B1D4E51020F8968000524CE2 /* MainViewCell.swift in Sources */,
				0A0FDDF320387D250046E76F /* ProfileHeaderView.swift in Sources */,
				0A3C3FED1FE7ECE6005FF52B /* ChatViewController.swift in Sources */,
				B1055990210FED2500AC769C /* MatchCell.swift in Sources */,
				0AF2C02520FE2AB600775EA8 /* TravelViewModel.swift in Sources */,
				0A3C3FEB1FE7E938005FF52B /* UIImage+Extension.swift in Sources */,
				0AAD74922117103000C860ED /* TripStyleViewModel.swift in Sources */,
				0A7123981FACC1FB00512EB7 /* JoinViewController.swift in Sources */,
				B1D4E50A20F8446400524CE2 /* ResultModel.swift in Sources */,
				B1EF955D21193EAA00F6418F /* CharacterCell.swift in Sources */,
				0AD7E1481FC9DD7C008AE45C /* WriteViewController.swift in Sources */,
				B16B3DF72117E6F0001D278A /* TripStyleViewController.swift in Sources */,
				0A745669210CA37D00F8A0C9 /* PageViewController.swift in Sources */,
				0A745661210C773900F8A0C9 /* AreaViewModel.swift in Sources */,
				B1EF956121193FC500F6418F /* CharacterModel.swift in Sources */,
				B1EF95652119481700F6418F /* ProfileViewModel.swift in Sources */,
				0A671AC220342C4C00034CE0 /* SetProfileViewController.swift in Sources */,
				0A71236B1FACC01200512EB7 /* AppDelegate.swift in Sources */,
				0AD3BC19204BEBBB0051D7E3 /* DetailCategoryViewController.swift in Sources */,
				B16B3DF92117E782001D278A /* InitUtil.swift in Sources */,
				0A09A8021FDD3CEF00DC47A7 /* MainViewModel.swift in Sources */,
				0A0FDE1C203988CC0046E76F /* UIFont+Extension.swift in Sources */,
				0A6FEE811FF629C600A2D347 /* EnumManager.swift in Sources */,
			);
			runOnlyForDeploymentPostprocessing = 0;
		};
		0A7123791FACC01200512EB7 /* Sources */ = {
			isa = PBXSourcesBuildPhase;
			buildActionMask = 2147483647;
			files = (
				0A7123821FACC01200512EB7 /* ZIP_iosTests.swift in Sources */,
			);
			runOnlyForDeploymentPostprocessing = 0;
		};
/* End PBXSourcesBuildPhase section */

/* Begin PBXTargetDependency section */
		0A71237F1FACC01200512EB7 /* PBXTargetDependency */ = {
			isa = PBXTargetDependency;
			target = 0A7123661FACC01200512EB7 /* ZIP_ios */;
			targetProxy = 0A71237E1FACC01200512EB7 /* PBXContainerItemProxy */;
		};
/* End PBXTargetDependency section */

/* Begin PBXVariantGroup section */
		0A7123701FACC01200512EB7 /* Main.storyboard */ = {
			isa = PBXVariantGroup;
			children = (
				0A7123711FACC01200512EB7 /* Base */,
			);
			name = Main.storyboard;
			sourceTree = "<group>";
		};
		0A7123751FACC01200512EB7 /* LaunchScreen.storyboard */ = {
			isa = PBXVariantGroup;
			children = (
				0A7123761FACC01200512EB7 /* Base */,
			);
			name = LaunchScreen.storyboard;
			sourceTree = "<group>";
		};
/* End PBXVariantGroup section */

/* Begin XCBuildConfiguration section */
		0A7123841FACC01200512EB7 /* Debug */ = {
			isa = XCBuildConfiguration;
			buildSettings = {
				ALWAYS_SEARCH_USER_PATHS = NO;
				CLANG_ANALYZER_NONNULL = YES;
				CLANG_ANALYZER_NUMBER_OBJECT_CONVERSION = YES_AGGRESSIVE;
				CLANG_CXX_LANGUAGE_STANDARD = "gnu++14";
				CLANG_CXX_LIBRARY = "libc++";
				CLANG_ENABLE_MODULES = YES;
				CLANG_ENABLE_OBJC_ARC = YES;
				CLANG_WARN_BLOCK_CAPTURE_AUTORELEASING = YES;
				CLANG_WARN_BOOL_CONVERSION = YES;
				CLANG_WARN_COMMA = YES;
				CLANG_WARN_CONSTANT_CONVERSION = YES;
				CLANG_WARN_DIRECT_OBJC_ISA_USAGE = YES_ERROR;
				CLANG_WARN_DOCUMENTATION_COMMENTS = YES;
				CLANG_WARN_EMPTY_BODY = YES;
				CLANG_WARN_ENUM_CONVERSION = YES;
				CLANG_WARN_INFINITE_RECURSION = YES;
				CLANG_WARN_INT_CONVERSION = YES;
				CLANG_WARN_NON_LITERAL_NULL_CONVERSION = YES;
				CLANG_WARN_OBJC_LITERAL_CONVERSION = YES;
				CLANG_WARN_OBJC_ROOT_CLASS = YES_ERROR;
				CLANG_WARN_RANGE_LOOP_ANALYSIS = YES;
				CLANG_WARN_STRICT_PROTOTYPES = YES;
				CLANG_WARN_SUSPICIOUS_MOVE = YES;
				CLANG_WARN_UNGUARDED_AVAILABILITY = YES_AGGRESSIVE;
				CLANG_WARN_UNREACHABLE_CODE = YES;
				CLANG_WARN__DUPLICATE_METHOD_MATCH = YES;
				CODE_SIGN_IDENTITY = "iPhone Developer";
				COPY_PHASE_STRIP = NO;
				DEBUG_INFORMATION_FORMAT = dwarf;
				ENABLE_STRICT_OBJC_MSGSEND = YES;
				ENABLE_TESTABILITY = YES;
				GCC_C_LANGUAGE_STANDARD = gnu11;
				GCC_DYNAMIC_NO_PIC = NO;
				GCC_NO_COMMON_BLOCKS = YES;
				GCC_OPTIMIZATION_LEVEL = 0;
				GCC_PREPROCESSOR_DEFINITIONS = (
					"DEBUG=1",
					"$(inherited)",
				);
				GCC_WARN_64_TO_32_BIT_CONVERSION = YES;
				GCC_WARN_ABOUT_RETURN_TYPE = YES_ERROR;
				GCC_WARN_UNDECLARED_SELECTOR = YES;
				GCC_WARN_UNINITIALIZED_AUTOS = YES_AGGRESSIVE;
				GCC_WARN_UNUSED_FUNCTION = YES;
				GCC_WARN_UNUSED_VARIABLE = YES;
				IPHONEOS_DEPLOYMENT_TARGET = 11.1;
				MTL_ENABLE_DEBUG_INFO = YES;
				ONLY_ACTIVE_ARCH = YES;
				SDKROOT = iphoneos;
				SWIFT_ACTIVE_COMPILATION_CONDITIONS = DEBUG;
				SWIFT_OPTIMIZATION_LEVEL = "-Onone";
			};
			name = Debug;
		};
		0A7123851FACC01200512EB7 /* Release */ = {
			isa = XCBuildConfiguration;
			buildSettings = {
				ALWAYS_SEARCH_USER_PATHS = NO;
				CLANG_ANALYZER_NONNULL = YES;
				CLANG_ANALYZER_NUMBER_OBJECT_CONVERSION = YES_AGGRESSIVE;
				CLANG_CXX_LANGUAGE_STANDARD = "gnu++14";
				CLANG_CXX_LIBRARY = "libc++";
				CLANG_ENABLE_MODULES = YES;
				CLANG_ENABLE_OBJC_ARC = YES;
				CLANG_WARN_BLOCK_CAPTURE_AUTORELEASING = YES;
				CLANG_WARN_BOOL_CONVERSION = YES;
				CLANG_WARN_COMMA = YES;
				CLANG_WARN_CONSTANT_CONVERSION = YES;
				CLANG_WARN_DIRECT_OBJC_ISA_USAGE = YES_ERROR;
				CLANG_WARN_DOCUMENTATION_COMMENTS = YES;
				CLANG_WARN_EMPTY_BODY = YES;
				CLANG_WARN_ENUM_CONVERSION = YES;
				CLANG_WARN_INFINITE_RECURSION = YES;
				CLANG_WARN_INT_CONVERSION = YES;
				CLANG_WARN_NON_LITERAL_NULL_CONVERSION = YES;
				CLANG_WARN_OBJC_LITERAL_CONVERSION = YES;
				CLANG_WARN_OBJC_ROOT_CLASS = YES_ERROR;
				CLANG_WARN_RANGE_LOOP_ANALYSIS = YES;
				CLANG_WARN_STRICT_PROTOTYPES = YES;
				CLANG_WARN_SUSPICIOUS_MOVE = YES;
				CLANG_WARN_UNGUARDED_AVAILABILITY = YES_AGGRESSIVE;
				CLANG_WARN_UNREACHABLE_CODE = YES;
				CLANG_WARN__DUPLICATE_METHOD_MATCH = YES;
				CODE_SIGN_IDENTITY = "iPhone Developer";
				COPY_PHASE_STRIP = NO;
				DEBUG_INFORMATION_FORMAT = "dwarf-with-dsym";
				ENABLE_NS_ASSERTIONS = NO;
				ENABLE_STRICT_OBJC_MSGSEND = YES;
				GCC_C_LANGUAGE_STANDARD = gnu11;
				GCC_NO_COMMON_BLOCKS = YES;
				GCC_WARN_64_TO_32_BIT_CONVERSION = YES;
				GCC_WARN_ABOUT_RETURN_TYPE = YES_ERROR;
				GCC_WARN_UNDECLARED_SELECTOR = YES;
				GCC_WARN_UNINITIALIZED_AUTOS = YES_AGGRESSIVE;
				GCC_WARN_UNUSED_FUNCTION = YES;
				GCC_WARN_UNUSED_VARIABLE = YES;
				IPHONEOS_DEPLOYMENT_TARGET = 11.1;
				MTL_ENABLE_DEBUG_INFO = NO;
				SDKROOT = iphoneos;
				SWIFT_OPTIMIZATION_LEVEL = "-Owholemodule";
				VALIDATE_PRODUCT = YES;
			};
			name = Release;
		};
		0A7123871FACC01200512EB7 /* Debug */ = {
			isa = XCBuildConfiguration;
			baseConfigurationReference = 7B9C4226FE4FE2EB23EB73C6 /* Pods-ZIP_ios.debug.xcconfig */;
			buildSettings = {
				ASSETCATALOG_COMPILER_APPICON_NAME = AppIcon;
				CLANG_ENABLE_MODULES = YES;
				CODE_SIGN_ENTITLEMENTS = ZIP_ios/ZIP_ios.entitlements;
				CODE_SIGN_STYLE = Automatic;
				DEVELOPMENT_TEAM = MQT2B82NTD;
				INFOPLIST_FILE = ZIP_ios/Info.plist;
				IPHONEOS_DEPLOYMENT_TARGET = 11.2;
				LD_RUNPATH_SEARCH_PATHS = "$(inherited) @executable_path/Frameworks";
				PRODUCT_BUNDLE_IDENTIFIER = com.bum.ZIPios1;
				PRODUCT_NAME = "$(TARGET_NAME)";
				SWIFT_OBJC_BRIDGING_HEADER = "ZIP_ios/ZIP_ios-Bridging-Header.h";
				SWIFT_OPTIMIZATION_LEVEL = "-Onone";
				SWIFT_VERSION = 4.0;
				TARGETED_DEVICE_FAMILY = "1,2";
			};
			name = Debug;
		};
		0A7123881FACC01200512EB7 /* Release */ = {
			isa = XCBuildConfiguration;
			baseConfigurationReference = D974C1FB255F6BC0FD4F84C5 /* Pods-ZIP_ios.release.xcconfig */;
			buildSettings = {
				ASSETCATALOG_COMPILER_APPICON_NAME = AppIcon;
				CLANG_ENABLE_MODULES = YES;
				CODE_SIGN_ENTITLEMENTS = ZIP_ios/ZIP_ios.entitlements;
				CODE_SIGN_STYLE = Automatic;
				DEVELOPMENT_TEAM = MQT2B82NTD;
				INFOPLIST_FILE = ZIP_ios/Info.plist;
				IPHONEOS_DEPLOYMENT_TARGET = 11.2;
				LD_RUNPATH_SEARCH_PATHS = "$(inherited) @executable_path/Frameworks";
				PRODUCT_BUNDLE_IDENTIFIER = com.bum.ZIPios1;
				PRODUCT_NAME = "$(TARGET_NAME)";
				SWIFT_OBJC_BRIDGING_HEADER = "ZIP_ios/ZIP_ios-Bridging-Header.h";
				SWIFT_VERSION = 4.0;
				TARGETED_DEVICE_FAMILY = "1,2";
			};
			name = Release;
		};
		0A71238A1FACC01200512EB7 /* Debug */ = {
			isa = XCBuildConfiguration;
			baseConfigurationReference = BBBA05947428AB4BFEF7859A /* Pods-ZIP_iosTests.debug.xcconfig */;
			buildSettings = {
				ALWAYS_EMBED_SWIFT_STANDARD_LIBRARIES = YES;
				BUNDLE_LOADER = "$(TEST_HOST)";
				CODE_SIGN_STYLE = Automatic;
				DEVELOPMENT_TEAM = GHQ6X3NQRK;
				INFOPLIST_FILE = ZIP_iosTests/Info.plist;
				LD_RUNPATH_SEARCH_PATHS = "$(inherited) @executable_path/Frameworks @loader_path/Frameworks";
				PRODUCT_BUNDLE_IDENTIFIER = "com.bum.ZIP-iosTests";
				PRODUCT_NAME = "$(TARGET_NAME)";
				SWIFT_VERSION = 4.0;
				TARGETED_DEVICE_FAMILY = "1,2";
				TEST_HOST = "$(BUILT_PRODUCTS_DIR)/ZIP_ios.app/ZIP_ios";
			};
			name = Debug;
		};
		0A71238B1FACC01200512EB7 /* Release */ = {
			isa = XCBuildConfiguration;
			baseConfigurationReference = EB215403565A2292B2C24A2C /* Pods-ZIP_iosTests.release.xcconfig */;
			buildSettings = {
				ALWAYS_EMBED_SWIFT_STANDARD_LIBRARIES = YES;
				BUNDLE_LOADER = "$(TEST_HOST)";
				CODE_SIGN_STYLE = Automatic;
				DEVELOPMENT_TEAM = GHQ6X3NQRK;
				INFOPLIST_FILE = ZIP_iosTests/Info.plist;
				LD_RUNPATH_SEARCH_PATHS = "$(inherited) @executable_path/Frameworks @loader_path/Frameworks";
				PRODUCT_BUNDLE_IDENTIFIER = "com.bum.ZIP-iosTests";
				PRODUCT_NAME = "$(TARGET_NAME)";
				SWIFT_VERSION = 4.0;
				TARGETED_DEVICE_FAMILY = "1,2";
				TEST_HOST = "$(BUILT_PRODUCTS_DIR)/ZIP_ios.app/ZIP_ios";
			};
			name = Release;
		};
/* End XCBuildConfiguration section */

/* Begin XCConfigurationList section */
		0A7123621FACC01200512EB7 /* Build configuration list for PBXProject "ZIP_ios" */ = {
			isa = XCConfigurationList;
			buildConfigurations = (
				0A7123841FACC01200512EB7 /* Debug */,
				0A7123851FACC01200512EB7 /* Release */,
			);
			defaultConfigurationIsVisible = 0;
			defaultConfigurationName = Release;
		};
		0A7123861FACC01200512EB7 /* Build configuration list for PBXNativeTarget "ZIP_ios" */ = {
			isa = XCConfigurationList;
			buildConfigurations = (
				0A7123871FACC01200512EB7 /* Debug */,
				0A7123881FACC01200512EB7 /* Release */,
			);
			defaultConfigurationIsVisible = 0;
			defaultConfigurationName = Release;
		};
		0A7123891FACC01200512EB7 /* Build configuration list for PBXNativeTarget "ZIP_iosTests" */ = {
			isa = XCConfigurationList;
			buildConfigurations = (
				0A71238A1FACC01200512EB7 /* Debug */,
				0A71238B1FACC01200512EB7 /* Release */,
			);
			defaultConfigurationIsVisible = 0;
			defaultConfigurationName = Release;
		};
/* End XCConfigurationList section */
	};
	rootObject = 0A71235F1FACC01200512EB7 /* Project object */;
}
